// !$*UTF8*$!
{
	archiveVersion = 1;
	classes = {
	};
	objectVersion = 46;
	objects = {

/* Begin PBXBuildFile section */
		91ED8625180457EB00EFACFA /* Foundation.framework in Frameworks */ = {isa = PBXBuildFile; fileRef = 91ED8624180457EB00EFACFA /* Foundation.framework */; };
		91ED8627180457EB00EFACFA /* CoreGraphics.framework in Frameworks */ = {isa = PBXBuildFile; fileRef = 91ED8626180457EB00EFACFA /* CoreGraphics.framework */; };
		91ED8629180457EB00EFACFA /* UIKit.framework in Frameworks */ = {isa = PBXBuildFile; fileRef = 91ED8628180457EB00EFACFA /* UIKit.framework */; };
		91ED862F180457EB00EFACFA /* InfoPlist.strings in Resources */ = {isa = PBXBuildFile; fileRef = 91ED862D180457EB00EFACFA /* InfoPlist.strings */; };
		91ED8631180457EB00EFACFA /* main.m in Sources */ = {isa = PBXBuildFile; fileRef = 91ED8630180457EB00EFACFA /* main.m */; };
		91ED8635180457EB00EFACFA /* DBAppDelegate.m in Sources */ = {isa = PBXBuildFile; fileRef = 91ED8634180457EB00EFACFA /* DBAppDelegate.m */; };
		91ED8638180457EB00EFACFA /* Main.storyboard in Resources */ = {isa = PBXBuildFile; fileRef = 91ED8636180457EB00EFACFA /* Main.storyboard */; };
		91ED863B180457EB00EFACFA /* DBViewController.m in Sources */ = {isa = PBXBuildFile; fileRef = 91ED863A180457EB00EFACFA /* DBViewController.m */; };
		91ED863D180457EB00EFACFA /* Images.xcassets in Resources */ = {isa = PBXBuildFile; fileRef = 91ED863C180457EB00EFACFA /* Images.xcassets */; };
		91ED8644180457EB00EFACFA /* XCTest.framework in Frameworks */ = {isa = PBXBuildFile; fileRef = 91ED8643180457EB00EFACFA /* XCTest.framework */; };
		91ED8645180457EB00EFACFA /* Foundation.framework in Frameworks */ = {isa = PBXBuildFile; fileRef = 91ED8624180457EB00EFACFA /* Foundation.framework */; };
		91ED8646180457EB00EFACFA /* UIKit.framework in Frameworks */ = {isa = PBXBuildFile; fileRef = 91ED8628180457EB00EFACFA /* UIKit.framework */; };
		91ED864E180457EB00EFACFA /* InfoPlist.strings in Resources */ = {isa = PBXBuildFile; fileRef = 91ED864C180457EB00EFACFA /* InfoPlist.strings */; };
		91ED8650180457EB00EFACFA /* MapViewDay2Tests.m in Sources */ = {isa = PBXBuildFile; fileRef = 91ED864F180457EB00EFACFA /* MapViewDay2Tests.m */; };
		91ED865A1804587600EFACFA /* MapKit.framework in Frameworks */ = {isa = PBXBuildFile; fileRef = 91ED86591804587600EFACFA /* MapKit.framework */; };
		91ED865D18045CFA00EFACFA /* AcademyLocation.m in Sources */ = {isa = PBXBuildFile; fileRef = 91ED865C18045CFA00EFACFA /* AcademyLocation.m */; };
		91ED8660180468C900EFACFA /* DDannotationView.m in Sources */ = {isa = PBXBuildFile; fileRef = 91ED865F180468C900EFACFA /* DDannotationView.m */; };
		91ED8662180469AF00EFACFA /* mobilemakers.png in Resources */ = {isa = PBXBuildFile; fileRef = 91ED8661180469AF00EFACFA /* mobilemakers.png */; };
/* End PBXBuildFile section */

/* Begin PBXContainerItemProxy section */
		91ED8647180457EB00EFACFA /* PBXContainerItemProxy */ = {
			isa = PBXContainerItemProxy;
			containerPortal = 91ED8619180457EA00EFACFA /* Project object */;
			proxyType = 1;
			remoteGlobalIDString = 91ED8620180457EB00EFACFA;
			remoteInfo = MapViewDay2;
		};
/* End PBXContainerItemProxy section */

/* Begin PBXFileReference section */
		91ED8621180457EB00EFACFA /* MapViewDay2.app */ = {isa = PBXFileReference; explicitFileType = wrapper.application; includeInIndex = 0; path = MapViewDay2.app; sourceTree = BUILT_PRODUCTS_DIR; };
		91ED8624180457EB00EFACFA /* Foundation.framework */ = {isa = PBXFileReference; lastKnownFileType = wrapper.framework; name = Foundation.framework; path = System/Library/Frameworks/Foundation.framework; sourceTree = SDKROOT; };
		91ED8626180457EB00EFACFA /* CoreGraphics.framework */ = {isa = PBXFileReference; lastKnownFileType = wrapper.framework; name = CoreGraphics.framework; path = System/Library/Frameworks/CoreGraphics.framework; sourceTree = SDKROOT; };
		91ED8628180457EB00EFACFA /* UIKit.framework */ = {isa = PBXFileReference; lastKnownFileType = wrapper.framework; name = UIKit.framework; path = System/Library/Frameworks/UIKit.framework; sourceTree = SDKROOT; };
		91ED862C180457EB00EFACFA /* MapViewDay2-Info.plist */ = {isa = PBXFileReference; lastKnownFileType = text.plist.xml; path = "MapViewDay2-Info.plist"; sourceTree = "<group>"; };
		91ED862E180457EB00EFACFA /* en */ = {isa = PBXFileReference; lastKnownFileType = text.plist.strings; name = en; path = en.lproj/InfoPlist.strings; sourceTree = "<group>"; };
		91ED8630180457EB00EFACFA /* main.m */ = {isa = PBXFileReference; lastKnownFileType = sourcecode.c.objc; path = main.m; sourceTree = "<group>"; };
		91ED8632180457EB00EFACFA /* MapViewDay2-Prefix.pch */ = {isa = PBXFileReference; lastKnownFileType = sourcecode.c.h; path = "MapViewDay2-Prefix.pch"; sourceTree = "<group>"; };
		91ED8633180457EB00EFACFA /* DBAppDelegate.h */ = {isa = PBXFileReference; lastKnownFileType = sourcecode.c.h; path = DBAppDelegate.h; sourceTree = "<group>"; };
		91ED8634180457EB00EFACFA /* DBAppDelegate.m */ = {isa = PBXFileReference; lastKnownFileType = sourcecode.c.objc; path = DBAppDelegate.m; sourceTree = "<group>"; };
		91ED8637180457EB00EFACFA /* Base */ = {isa = PBXFileReference; lastKnownFileType = file.storyboard; name = Base; path = Base.lproj/Main.storyboard; sourceTree = "<group>"; };
		91ED8639180457EB00EFACFA /* DBViewController.h */ = {isa = PBXFileReference; lastKnownFileType = sourcecode.c.h; path = DBViewController.h; sourceTree = "<group>"; };
		91ED863A180457EB00EFACFA /* DBViewController.m */ = {isa = PBXFileReference; lastKnownFileType = sourcecode.c.objc; path = DBViewController.m; sourceTree = "<group>"; };
		91ED863C180457EB00EFACFA /* Images.xcassets */ = {isa = PBXFileReference; lastKnownFileType = folder.assetcatalog; path = Images.xcassets; sourceTree = "<group>"; };
		91ED8642180457EB00EFACFA /* MapViewDay2Tests.xctest */ = {isa = PBXFileReference; explicitFileType = wrapper.cfbundle; includeInIndex = 0; path = MapViewDay2Tests.xctest; sourceTree = BUILT_PRODUCTS_DIR; };
		91ED8643180457EB00EFACFA /* XCTest.framework */ = {isa = PBXFileReference; lastKnownFileType = wrapper.framework; name = XCTest.framework; path = Library/Frameworks/XCTest.framework; sourceTree = DEVELOPER_DIR; };
		91ED864B180457EB00EFACFA /* MapViewDay2Tests-Info.plist */ = {isa = PBXFileReference; lastKnownFileType = text.plist.xml; path = "MapViewDay2Tests-Info.plist"; sourceTree = "<group>"; };
		91ED864D180457EB00EFACFA /* en */ = {isa = PBXFileReference; lastKnownFileType = text.plist.strings; name = en; path = en.lproj/InfoPlist.strings; sourceTree = "<group>"; };
		91ED864F180457EB00EFACFA /* MapViewDay2Tests.m */ = {isa = PBXFileReference; lastKnownFileType = sourcecode.c.objc; path = MapViewDay2Tests.m; sourceTree = "<group>"; };
		91ED86591804587600EFACFA /* MapKit.framework */ = {isa = PBXFileReference; lastKnownFileType = wrapper.framework; name = MapKit.framework; path = System/Library/Frameworks/MapKit.framework; sourceTree = SDKROOT; };
		91ED865B18045CFA00EFACFA /* AcademyLocation.h */ = {isa = PBXFileReference; fileEncoding = 4; lastKnownFileType = sourcecode.c.h; path = AcademyLocation.h; sourceTree = "<group>"; };
		91ED865C18045CFA00EFACFA /* AcademyLocation.m */ = {isa = PBXFileReference; fileEncoding = 4; lastKnownFileType = sourcecode.c.objc; path = AcademyLocation.m; sourceTree = "<group>"; };
		91ED865E180468C900EFACFA /* DDannotationView.h */ = {isa = PBXFileReference; fileEncoding = 4; lastKnownFileType = sourcecode.c.h; path = DDannotationView.h; sourceTree = "<group>"; };
		91ED865F180468C900EFACFA /* DDannotationView.m */ = {isa = PBXFileReference; fileEncoding = 4; lastKnownFileType = sourcecode.c.objc; path = DDannotationView.m; sourceTree = "<group>"; };
		91ED8661180469AF00EFACFA /* mobilemakers.png */ = {isa = PBXFileReference; lastKnownFileType = image.png; path = mobilemakers.png; sourceTree = "<group>"; };
/* End PBXFileReference section */

/* Begin PBXFrameworksBuildPhase section */
		91ED861E180457EB00EFACFA /* Frameworks */ = {
			isa = PBXFrameworksBuildPhase;
			buildActionMask = 2147483647;
			files = (
				91ED865A1804587600EFACFA /* MapKit.framework in Frameworks */,
				91ED8627180457EB00EFACFA /* CoreGraphics.framework in Frameworks */,
				91ED8629180457EB00EFACFA /* UIKit.framework in Frameworks */,
				91ED8625180457EB00EFACFA /* Foundation.framework in Frameworks */,
			);
			runOnlyForDeploymentPostprocessing = 0;
		};
		91ED863F180457EB00EFACFA /* Frameworks */ = {
			isa = PBXFrameworksBuildPhase;
			buildActionMask = 2147483647;
			files = (
				91ED8644180457EB00EFACFA /* XCTest.framework in Frameworks */,
				91ED8646180457EB00EFACFA /* UIKit.framework in Frameworks */,
				91ED8645180457EB00EFACFA /* Foundation.framework in Frameworks */,
			);
			runOnlyForDeploymentPostprocessing = 0;
		};
/* End PBXFrameworksBuildPhase section */

/* Begin PBXGroup section */
		91ED8618180457EA00EFACFA = {
			isa = PBXGroup;
			children = (
				91ED862A180457EB00EFACFA /* MapViewDay2 */,
				91ED8649180457EB00EFACFA /* MapViewDay2Tests */,
				91ED8623180457EB00EFACFA /* Frameworks */,
				91ED8622180457EB00EFACFA /* Products */,
			);
			sourceTree = "<group>";
		};
		91ED8622180457EB00EFACFA /* Products */ = {
			isa = PBXGroup;
			children = (
				91ED8621180457EB00EFACFA /* MapViewDay2.app */,
				91ED8642180457EB00EFACFA /* MapViewDay2Tests.xctest */,
			);
			name = Products;
			sourceTree = "<group>";
		};
		91ED8623180457EB00EFACFA /* Frameworks */ = {
			isa = PBXGroup;
			children = (
				91ED86591804587600EFACFA /* MapKit.framework */,
				91ED8624180457EB00EFACFA /* Foundation.framework */,
				91ED8626180457EB00EFACFA /* CoreGraphics.framework */,
				91ED8628180457EB00EFACFA /* UIKit.framework */,
				91ED8643180457EB00EFACFA /* XCTest.framework */,
			);
			name = Frameworks;
			sourceTree = "<group>";
		};
		91ED862A180457EB00EFACFA /* MapViewDay2 */ = {
			isa = PBXGroup;
			children = (
				91ED8633180457EB00EFACFA /* DBAppDelegate.h */,
				91ED8634180457EB00EFACFA /* DBAppDelegate.m */,
				91ED8636180457EB00EFACFA /* Main.storyboard */,
				91ED8639180457EB00EFACFA /* DBViewController.h */,
				91ED863A180457EB00EFACFA /* DBViewController.m */,
				91ED8661180469AF00EFACFA /* mobilemakers.png */,
				91ED865E180468C900EFACFA /* DDannotationView.h */,
				91ED865F180468C900EFACFA /* DDannotationView.m */,
				91ED865B18045CFA00EFACFA /* AcademyLocation.h */,
				91ED865C18045CFA00EFACFA /* AcademyLocation.m */,
				91ED863C180457EB00EFACFA /* Images.xcassets */,
				91ED862B180457EB00EFACFA /* Supporting Files */,
			);
			path = MapViewDay2;
			sourceTree = "<group>";
		};
		91ED862B180457EB00EFACFA /* Supporting Files */ = {
			isa = PBXGroup;
			children = (
				91ED862C180457EB00EFACFA /* MapViewDay2-Info.plist */,
				91ED862D180457EB00EFACFA /* InfoPlist.strings */,
				91ED8630180457EB00EFACFA /* main.m */,
				91ED8632180457EB00EFACFA /* MapViewDay2-Prefix.pch */,
			);
			name = "Supporting Files";
			sourceTree = "<group>";
		};
		91ED8649180457EB00EFACFA /* MapViewDay2Tests */ = {
			isa = PBXGroup;
			children = (
				91ED864F180457EB00EFACFA /* MapViewDay2Tests.m */,
				91ED864A180457EB00EFACFA /* Supporting Files */,
			);
			path = MapViewDay2Tests;
			sourceTree = "<group>";
		};
		91ED864A180457EB00EFACFA /* Supporting Files */ = {
			isa = PBXGroup;
			children = (
				91ED864B180457EB00EFACFA /* MapViewDay2Tests-Info.plist */,
				91ED864C180457EB00EFACFA /* InfoPlist.strings */,
			);
			name = "Supporting Files";
			sourceTree = "<group>";
		};
/* End PBXGroup section */

/* Begin PBXNativeTarget section */
		91ED8620180457EB00EFACFA /* MapViewDay2 */ = {
			isa = PBXNativeTarget;
			buildConfigurationList = 91ED8653180457EB00EFACFA /* Build configuration list for PBXNativeTarget "MapViewDay2" */;
			buildPhases = (
				91ED861D180457EB00EFACFA /* Sources */,
				91ED861E180457EB00EFACFA /* Frameworks */,
				91ED861F180457EB00EFACFA /* Resources */,
			);
			buildRules = (
			);
			dependencies = (
			);
			name = MapViewDay2;
			productName = MapViewDay2;
			productReference = 91ED8621180457EB00EFACFA /* MapViewDay2.app */;
			productType = "com.apple.product-type.application";
		};
		91ED8641180457EB00EFACFA /* MapViewDay2Tests */ = {
			isa = PBXNativeTarget;
			buildConfigurationList = 91ED8656180457EB00EFACFA /* Build configuration list for PBXNativeTarget "MapViewDay2Tests" */;
			buildPhases = (
				91ED863E180457EB00EFACFA /* Sources */,
				91ED863F180457EB00EFACFA /* Frameworks */,
				91ED8640180457EB00EFACFA /* Resources */,
			);
			buildRules = (
			);
			dependencies = (
				91ED8648180457EB00EFACFA /* PBXTargetDependency */,
			);
			name = MapViewDay2Tests;
			productName = MapViewDay2Tests;
			productReference = 91ED8642180457EB00EFACFA /* MapViewDay2Tests.xctest */;
			productType = "com.apple.product-type.bundle.unit-test";
		};
/* End PBXNativeTarget section */

/* Begin PBXProject section */
		91ED8619180457EA00EFACFA /* Project object */ = {
			isa = PBXProject;
			attributes = {
				CLASSPREFIX = DB;
				LastUpgradeCheck = 0500;
				ORGANIZATIONNAME = deebost;
				TargetAttributes = {
					91ED8641180457EB00EFACFA = {
						TestTargetID = 91ED8620180457EB00EFACFA;
					};
				};
			};
			buildConfigurationList = 91ED861C180457EA00EFACFA /* Build configuration list for PBXProject "MapViewDay2" */;
			compatibilityVersion = "Xcode 3.2";
			developmentRegion = English;
			hasScannedForEncodings = 0;
			knownRegions = (
				en,
				Base,
			);
			mainGroup = 91ED8618180457EA00EFACFA;
			productRefGroup = 91ED8622180457EB00EFACFA /* Products */;
			projectDirPath = "";
			projectRoot = "";
			targets = (
				91ED8620180457EB00EFACFA /* MapViewDay2 */,
				91ED8641180457EB00EFACFA /* MapViewDay2Tests */,
			);
		};
/* End PBXProject section */

/* Begin PBXResourcesBuildPhase section */
		91ED861F180457EB00EFACFA /* Resources */ = {
			isa = PBXResourcesBuildPhase;
			buildActionMask = 2147483647;
			files = (
				91ED863D180457EB00EFACFA /* Images.xcassets in Resources */,
				91ED862F180457EB00EFACFA /* InfoPlist.strings in Resources */,
				91ED8662180469AF00EFACFA /* mobilemakers.png in Resources */,
				91ED8638180457EB00EFACFA /* Main.storyboard in Resources */,
			);
			runOnlyForDeploymentPostprocessing = 0;
		};
		91ED8640180457EB00EFACFA /* Resources */ = {
			isa = PBXResourcesBuildPhase;
			buildActionMask = 2147483647;
			files = (
				91ED864E180457EB00EFACFA /* InfoPlist.strings in Resources */,
			);
			runOnlyForDeploymentPostprocessing = 0;
		};
/* End PBXResourcesBuildPhase section */

/* Begin PBXSourcesBuildPhase section */
		91ED861D180457EB00EFACFA /* Sources */ = {
			isa = PBXSourcesBuildPhase;
			buildActionMask = 2147483647;
			files = (
				91ED8635180457EB00EFACFA /* DBAppDelegate.m in Sources */,
				91ED865D18045CFA00EFACFA /* AcademyLocation.m in Sources */,
				91ED863B180457EB00EFACFA /* DBViewController.m in Sources */,
				91ED8631180457EB00EFACFA /* main.m in Sources */,
				91ED8660180468C900EFACFA /* DDannotationView.m in Sources */,
			);
			runOnlyForDeploymentPostprocessing = 0;
		};
		91ED863E180457EB00EFACFA /* Sources */ = {
			isa = PBXSourcesBuildPhase;
			buildActionMask = 2147483647;
			files = (
				91ED8650180457EB00EFACFA /* MapViewDay2Tests.m in Sources */,
			);
			runOnlyForDeploymentPostprocessing = 0;
		};
/* End PBXSourcesBuildPhase section */

/* Begin PBXTargetDependency section */
		91ED8648180457EB00EFACFA /* PBXTargetDependency */ = {
			isa = PBXTargetDependency;
			target = 91ED8620180457EB00EFACFA /* MapViewDay2 */;
			targetProxy = 91ED8647180457EB00EFACFA /* PBXContainerItemProxy */;
		};
/* End PBXTargetDependency section */

/* Begin PBXVariantGroup section */
		91ED862D180457EB00EFACFA /* InfoPlist.strings */ = {
			isa = PBXVariantGroup;
			children = (
				91ED862E180457EB00EFACFA /* en */,
			);
			name = InfoPlist.strings;
			sourceTree = "<group>";
		};
		91ED8636180457EB00EFACFA /* Main.storyboard */ = {
			isa = PBXVariantGroup;
			children = (
				91ED8637180457EB00EFACFA /* Base */,
			);
			name = Main.storyboard;
			sourceTree = "<group>";
		};
		91ED864C180457EB00EFACFA /* InfoPlist.strings */ = {
			isa = PBXVariantGroup;
			children = (
				91ED864D180457EB00EFACFA /* en */,
			);
			name = InfoPlist.strings;
			sourceTree = "<group>";
		};
/* End PBXVariantGroup section */

/* Begin XCBuildConfiguration section */
		91ED8651180457EB00EFACFA /* Debug */ = {
			isa = XCBuildConfiguration;
			buildSettings = {
				ALWAYS_SEARCH_USER_PATHS = NO;
				ARCHS = "$(ARCHS_STANDARD_INCLUDING_64_BIT)";
				CLANG_CXX_LANGUAGE_STANDARD = "gnu++0x";
				CLANG_CXX_LIBRARY = "libc++";
				CLANG_ENABLE_MODULES = YES;
				CLANG_ENABLE_OBJC_ARC = YES;
				CLANG_WARN_BOOL_CONVERSION = YES;
				CLANG_WARN_CONSTANT_CONVERSION = YES;
				CLANG_WARN_DIRECT_OBJC_ISA_USAGE = YES_ERROR;
				CLANG_WARN_EMPTY_BODY = YES;
				CLANG_WARN_ENUM_CONVERSION = YES;
				CLANG_WARN_INT_CONVERSION = YES;
				CLANG_WARN_OBJC_ROOT_CLASS = YES_ERROR;
				CLANG_WARN__DUPLICATE_METHOD_MATCH = YES;
				"CODE_SIGN_IDENTITY[sdk=iphoneos*]" = "iPhone Developer";
				COPY_PHASE_STRIP = NO;
				GCC_C_LANGUAGE_STANDARD = gnu99;
				GCC_DYNAMIC_NO_PIC = NO;
				GCC_OPTIMIZATION_LEVEL = 0;
				GCC_PREPROCESSOR_DEFINITIONS = (
					"DEBUG=1",
					"$(inherited)",
				);
				GCC_SYMBOLS_PRIVATE_EXTERN = NO;
				GCC_WARN_64_TO_32_BIT_CONVERSION = YES;
				GCC_WARN_ABOUT_RETURN_TYPE = YES_ERROR;
				GCC_WARN_UNDECLARED_SELECTOR = YES;
				GCC_WARN_UNINITIALIZED_AUTOS = YES;
				GCC_WARN_UNUSED_FUNCTION = YES;
				GCC_WARN_UNUSED_VARIABLE = YES;
				IPHONEOS_DEPLOYMENT_TARGET = 7.0;
				ONLY_ACTIVE_ARCH = YES;
				SDKROOT = iphoneos;
			};
			name = Debug;
		};
		91ED8652180457EB00EFACFA /* Release */ = {
			isa = XCBuildConfiguration;
			buildSettings = {
				ALWAYS_SEARCH_USER_PATHS = NO;
				ARCHS = "$(ARCHS_STANDARD_INCLUDING_64_BIT)";
				CLANG_CXX_LANGUAGE_STANDARD = "gnu++0x";
				CLANG_CXX_LIBRARY = "libc++";
				CLANG_ENABLE_MODULES = YES;
				CLANG_ENABLE_OBJC_ARC = YES;
				CLANG_WARN_BOOL_CONVERSION = YES;
				CLANG_WARN_CONSTANT_CONVERSION = YES;
				CLANG_WARN_DIRECT_OBJC_ISA_USAGE = YES_ERROR;
				CLANG_WARN_EMPTY_BODY = YES;
				CLANG_WARN_ENUM_CONVERSION = YES;
				CLANG_WARN_INT_CONVERSION = YES;
				CLANG_WARN_OBJC_ROOT_CLASS = YES_ERROR;
				CLANG_WARN__DUPLICATE_METHOD_MATCH = YES;
				"CODE_SIGN_IDENTITY[sdk=iphoneos*]" = "iPhone Developer";
				COPY_PHASE_STRIP = YES;
				ENABLE_NS_ASSERTIONS = NO;
				GCC_C_LANGUAGE_STANDARD = gnu99;
				GCC_WARN_64_TO_32_BIT_CONVERSION = YES;
				GCC_WARN_ABOUT_RETURN_TYPE = YES_ERROR;
				GCC_WARN_UNDECLARED_SELECTOR = YES;
				GCC_WARN_UNINITIALIZED_AUTOS = YES;
				GCC_WARN_UNUSED_FUNCTION = YES;
				GCC_WARN_UNUSED_VARIABLE = YES;
				IPHONEOS_DEPLOYMENT_TARGET = 7.0;
				SDKROOT = iphoneos;
				VALIDATE_PRODUCT = YES;
			};
			name = Release;
		};
		91ED8654180457EB00EFACFA /* Debug */ = {
			isa = XCBuildConfiguration;
			buildSettings = {
				ASSETCATALOG_COMPILER_APPICON_NAME = AppIcon;
				ASSETCATALOG_COMPILER_LAUNCHIMAGE_NAME = LaunchImage;
				GCC_PRECOMPILE_PREFIX_HEADER = YES;
				GCC_PREFIX_HEADER = "MapViewDay2/MapViewDay2-Prefix.pch";
				INFOPLIST_FILE = "MapViewDay2/MapViewDay2-Info.plist";
				PRODUCT_NAME = "$(TARGET_NAME)";
				WRAPPER_EXTENSION = app;
			};
			name = Debug;
		};
		91ED8655180457EB00EFACFA /* Release */ = {
			isa = XCBuildConfiguration;
			buildSettings = {
				ASSETCATALOG_COMPILER_APPICON_NAME = AppIcon;
				ASSETCATALOG_COMPILER_LAUNCHIMAGE_NAME = LaunchImage;
				GCC_PRECOMPILE_PREFIX_HEADER = YES;
				GCC_PREFIX_HEADER = "MapViewDay2/MapViewDay2-Prefix.pch";
				INFOPLIST_FILE = "MapViewDay2/MapViewDay2-Info.plist";
				PRODUCT_NAME = "$(TARGET_NAME)";
				WRAPPER_EXTENSION = app;
			};
			name = Release;
		};
		91ED8657180457EB00EFACFA /* Debug */ = {
			isa = XCBuildConfiguration;
			buildSettings = {
				ARCHS = "$(ARCHS_STANDARD_INCLUDING_64_BIT)";
				BUNDLE_LOADER = "$(BUILT_PRODUCTS_DIR)/MapViewDay2.app/MapViewDay2";
				FRAMEWORK_SEARCH_PATHS = (
					"$(SDKROOT)/Developer/Library/Frameworks",
					"$(inherited)",
					"$(DEVELOPER_FRAMEWORKS_DIR)",
				);
				GCC_PRECOMPILE_PREFIX_HEADER = YES;
				GCC_PREFIX_HEADER = "MapViewDay2/MapViewDay2-Prefix.pch";
				GCC_PREPROCESSOR_DEFINITIONS = (
					"DEBUG=1",
					"$(inherited)",
				);
				INFOPLIST_FILE = "MapViewDay2Tests/MapViewDay2Tests-Info.plist";
				PRODUCT_NAME = "$(TARGET_NAME)";
				TEST_HOST = "$(BUNDLE_LOADER)";
				WRAPPER_EXTENSION = xctest;
			};
			name = Debug;
		};
		91ED8658180457EB00EFACFA /* Release */ = {
			isa = XCBuildConfiguration;
			buildSettings = {
				ARCHS = "$(ARCHS_STANDARD_INCLUDING_64_BIT)";
				BUNDLE_LOADER = "$(BUILT_PRODUCTS_DIR)/MapViewDay2.app/MapViewDay2";
				FRAMEWORK_SEARCH_PATHS = (
					"$(SDKROOT)/Developer/Library/Frameworks",
					"$(inherited)",
					"$(DEVELOPER_FRAMEWORKS_DIR)",
				);
				GCC_PRECOMPILE_PREFIX_HEADER = YES;
				GCC_PREFIX_HEADER = "MapViewDay2/MapViewDay2-Prefix.pch";
				INFOPLIST_FILE = "MapViewDay2Tests/MapViewDay2Tests-Info.plist";
				PRODUCT_NAME = "$(TARGET_NAME)";
				TEST_HOST = "$(BUNDLE_LOADER)";
				WRAPPER_EXTENSION = xctest;
			};
			name = Release;
		};
/* End XCBuildConfiguration section */

/* Begin XCConfigurationList section */
		91ED861C180457EA00EFACFA /* Build configuration list for PBXProject "MapViewDay2" */ = {
			isa = XCConfigurationList;
			buildConfigurations = (
				91ED8651180457EB00EFACFA /* Debug */,
				91ED8652180457EB00EFACFA /* Release */,
			);
			defaultConfigurationIsVisible = 0;
			defaultConfigurationName = Release;
		};
		91ED8653180457EB00EFACFA /* Build configuration list for PBXNativeTarget "MapViewDay2" */ = {
			isa = XCConfigurationList;
			buildConfigurations = (
				91ED8654180457EB00EFACFA /* Debug */,
				91ED8655180457EB00EFACFA /* Release */,
			);
			defaultConfigurationIsVisible = 0;
		};
		91ED8656180457EB00EFACFA /* Build configuration list for PBXNativeTarget "MapViewDay2Tests" */ = {
			isa = XCConfigurationList;
			buildConfigurations = (
				91ED8657180457EB00EFACFA /* Debug */,
				91ED8658180457EB00EFACFA /* Release */,
			);
			defaultConfigurationIsVisible = 0;
		};
/* End XCConfigurationList section */
	};
	rootObject = 91ED8619180457EA00EFACFA /* Project object */;
}
