// !$*UTF8*$!
{
	archiveVersion = 1;
	classes = {
	};
	objectVersion = 46;
	objects = {

/* Begin PBXBuildFile section */
		E500CCB517E9F75B007EC140 /* UIKit.framework in Frameworks */ = {isa = PBXBuildFile; fileRef = E500CCB417E9F75B007EC140 /* UIKit.framework */; };
		E500CCB717E9F75B007EC140 /* Foundation.framework in Frameworks */ = {isa = PBXBuildFile; fileRef = E500CCB617E9F75B007EC140 /* Foundation.framework */; };
		E500CCB917E9F75B007EC140 /* CoreGraphics.framework in Frameworks */ = {isa = PBXBuildFile; fileRef = E500CCB817E9F75B007EC140 /* CoreGraphics.framework */; };
		E500CCBF17E9F75B007EC140 /* InfoPlist.strings in Resources */ = {isa = PBXBuildFile; fileRef = E500CCBD17E9F75B007EC140 /* InfoPlist.strings */; };
		E500CCC117E9F75B007EC140 /* main.m in Sources */ = {isa = PBXBuildFile; fileRef = E500CCC017E9F75B007EC140 /* main.m */; };
		E500CCC517E9F75B007EC140 /* MMAppDelegate.m in Sources */ = {isa = PBXBuildFile; fileRef = E500CCC417E9F75B007EC140 /* MMAppDelegate.m */; };
		E500CCC717E9F75B007EC140 /* Default.png in Resources */ = {isa = PBXBuildFile; fileRef = E500CCC617E9F75B007EC140 /* Default.png */; };
		E500CCC917E9F75B007EC140 /* Default@2x.png in Resources */ = {isa = PBXBuildFile; fileRef = E500CCC817E9F75B007EC140 /* Default@2x.png */; };
		E500CCCB17E9F75B007EC140 /* Default-568h@2x.png in Resources */ = {isa = PBXBuildFile; fileRef = E500CCCA17E9F75B007EC140 /* Default-568h@2x.png */; };
		E500CCCE17E9F75B007EC140 /* MMViewController.m in Sources */ = {isa = PBXBuildFile; fileRef = E500CCCD17E9F75B007EC140 /* MMViewController.m */; };
		E500CCD117E9F75B007EC140 /* MMViewController.xib in Resources */ = {isa = PBXBuildFile; fileRef = E500CCCF17E9F75B007EC140 /* MMViewController.xib */; };
/* End PBXBuildFile section */

/* Begin PBXFileReference section */
		E500CCB117E9F75B007EC140 /* Interface Builder Hackwich.app */ = {isa = PBXFileReference; explicitFileType = wrapper.application; includeInIndex = 0; path = "Interface Builder Hackwich.app"; sourceTree = BUILT_PRODUCTS_DIR; };
		E500CCB417E9F75B007EC140 /* UIKit.framework */ = {isa = PBXFileReference; lastKnownFileType = wrapper.framework; name = UIKit.framework; path = System/Library/Frameworks/UIKit.framework; sourceTree = SDKROOT; };
		E500CCB617E9F75B007EC140 /* Foundation.framework */ = {isa = PBXFileReference; lastKnownFileType = wrapper.framework; name = Foundation.framework; path = System/Library/Frameworks/Foundation.framework; sourceTree = SDKROOT; };
		E500CCB817E9F75B007EC140 /* CoreGraphics.framework */ = {isa = PBXFileReference; lastKnownFileType = wrapper.framework; name = CoreGraphics.framework; path = System/Library/Frameworks/CoreGraphics.framework; sourceTree = SDKROOT; };
		E500CCBC17E9F75B007EC140 /* Interface Builder Hackwich-Info.plist */ = {isa = PBXFileReference; lastKnownFileType = text.plist.xml; path = "Interface Builder Hackwich-Info.plist"; sourceTree = "<group>"; };
		E500CCBE17E9F75B007EC140 /* en */ = {isa = PBXFileReference; lastKnownFileType = text.plist.strings; name = en; path = en.lproj/InfoPlist.strings; sourceTree = "<group>"; };
		E500CCC017E9F75B007EC140 /* main.m */ = {isa = PBXFileReference; lastKnownFileType = sourcecode.c.objc; path = main.m; sourceTree = "<group>"; };
		E500CCC217E9F75B007EC140 /* Interface Builder Hackwich-Prefix.pch */ = {isa = PBXFileReference; lastKnownFileType = sourcecode.c.h; path = "Interface Builder Hackwich-Prefix.pch"; sourceTree = "<group>"; };
		E500CCC317E9F75B007EC140 /* MMAppDelegate.h */ = {isa = PBXFileReference; lastKnownFileType = sourcecode.c.h; path = MMAppDelegate.h; sourceTree = "<group>"; };
		E500CCC417E9F75B007EC140 /* MMAppDelegate.m */ = {isa = PBXFileReference; lastKnownFileType = sourcecode.c.objc; path = MMAppDelegate.m; sourceTree = "<group>"; };
		E500CCC617E9F75B007EC140 /* Default.png */ = {isa = PBXFileReference; lastKnownFileType = image.png; path = Default.png; sourceTree = "<group>"; };
		E500CCC817E9F75B007EC140 /* Default@2x.png */ = {isa = PBXFileReference; lastKnownFileType = image.png; path = "Default@2x.png"; sourceTree = "<group>"; };
		E500CCCA17E9F75B007EC140 /* Default-568h@2x.png */ = {isa = PBXFileReference; lastKnownFileType = image.png; path = "Default-568h@2x.png"; sourceTree = "<group>"; };
		E500CCCC17E9F75B007EC140 /* MMViewController.h */ = {isa = PBXFileReference; lastKnownFileType = sourcecode.c.h; path = MMViewController.h; sourceTree = "<group>"; };
		E500CCCD17E9F75B007EC140 /* MMViewController.m */ = {isa = PBXFileReference; lastKnownFileType = sourcecode.c.objc; path = MMViewController.m; sourceTree = "<group>"; };
		E500CCD017E9F75B007EC140 /* en */ = {isa = PBXFileReference; lastKnownFileType = file.xib; name = en; path = en.lproj/MMViewController.xib; sourceTree = "<group>"; };
/* End PBXFileReference section */

/* Begin PBXFrameworksBuildPhase section */
		E500CCAE17E9F75B007EC140 /* Frameworks */ = {
			isa = PBXFrameworksBuildPhase;
			buildActionMask = 2147483647;
			files = (
				E500CCB517E9F75B007EC140 /* UIKit.framework in Frameworks */,
				E500CCB717E9F75B007EC140 /* Foundation.framework in Frameworks */,
				E500CCB917E9F75B007EC140 /* CoreGraphics.framework in Frameworks */,
			);
			runOnlyForDeploymentPostprocessing = 0;
		};
/* End PBXFrameworksBuildPhase section */

/* Begin PBXGroup section */
		E500CCA817E9F75B007EC140 = {
			isa = PBXGroup;
			children = (
				E500CCBA17E9F75B007EC140 /* Interface Builder Hackwich */,
				E500CCB317E9F75B007EC140 /* Frameworks */,
				E500CCB217E9F75B007EC140 /* Products */,
			);
			sourceTree = "<group>";
		};
		E500CCB217E9F75B007EC140 /* Products */ = {
			isa = PBXGroup;
			children = (
				E500CCB117E9F75B007EC140 /* Interface Builder Hackwich.app */,
			);
			name = Products;
			sourceTree = "<group>";
		};
		E500CCB317E9F75B007EC140 /* Frameworks */ = {
			isa = PBXGroup;
			children = (
				E500CCB417E9F75B007EC140 /* UIKit.framework */,
				E500CCB617E9F75B007EC140 /* Foundation.framework */,
				E500CCB817E9F75B007EC140 /* CoreGraphics.framework */,
			);
			name = Frameworks;
			sourceTree = "<group>";
		};
		E500CCBA17E9F75B007EC140 /* Interface Builder Hackwich */ = {
			isa = PBXGroup;
			children = (
				E500CCC317E9F75B007EC140 /* MMAppDelegate.h */,
				E500CCC417E9F75B007EC140 /* MMAppDelegate.m */,
				E500CCCC17E9F75B007EC140 /* MMViewController.h */,
				E500CCCD17E9F75B007EC140 /* MMViewController.m */,
				E500CCCF17E9F75B007EC140 /* MMViewController.xib */,
				E500CCBB17E9F75B007EC140 /* Supporting Files */,
			);
			path = "Interface Builder Hackwich";
			sourceTree = "<group>";
		};
		E500CCBB17E9F75B007EC140 /* Supporting Files */ = {
			isa = PBXGroup;
			children = (
				E500CCBC17E9F75B007EC140 /* Interface Builder Hackwich-Info.plist */,
				E500CCBD17E9F75B007EC140 /* InfoPlist.strings */,
				E500CCC017E9F75B007EC140 /* main.m */,
				E500CCC217E9F75B007EC140 /* Interface Builder Hackwich-Prefix.pch */,
				E500CCC617E9F75B007EC140 /* Default.png */,
				E500CCC817E9F75B007EC140 /* Default@2x.png */,
				E500CCCA17E9F75B007EC140 /* Default-568h@2x.png */,
			);
			name = "Supporting Files";
			sourceTree = "<group>";
		};
/* End PBXGroup section */

/* Begin PBXNativeTarget section */
		E500CCB017E9F75B007EC140 /* Interface Builder Hackwich */ = {
			isa = PBXNativeTarget;
			buildConfigurationList = E500CCD417E9F75B007EC140 /* Build configuration list for PBXNativeTarget "Interface Builder Hackwich" */;
			buildPhases = (
				E500CCAD17E9F75B007EC140 /* Sources */,
				E500CCAE17E9F75B007EC140 /* Frameworks */,
				E500CCAF17E9F75B007EC140 /* Resources */,
			);
			buildRules = (
			);
			dependencies = (
			);
			name = "Interface Builder Hackwich";
			productName = "Interface Builder Hackwich";
			productReference = E500CCB117E9F75B007EC140 /* Interface Builder Hackwich.app */;
			productType = "com.apple.product-type.application";
		};
/* End PBXNativeTarget section */

/* Begin PBXProject section */
		E500CCA917E9F75B007EC140 /* Project object */ = {
			isa = PBXProject;
			attributes = {
				CLASSPREFIX = MM;
				LastUpgradeCheck = 0460;
				ORGANIZATIONNAME = "Kyle Mai";
			};
			buildConfigurationList = E500CCAC17E9F75B007EC140 /* Build configuration list for PBXProject "Interface Builder Hackwich" */;
			compatibilityVersion = "Xcode 3.2";
			developmentRegion = English;
			hasScannedForEncodings = 0;
			knownRegions = (
				en,
			);
			mainGroup = E500CCA817E9F75B007EC140;
			productRefGroup = E500CCB217E9F75B007EC140 /* Products */;
			projectDirPath = "";
			projectRoot = "";
			targets = (
				E500CCB017E9F75B007EC140 /* Interface Builder Hackwich */,
			);
		};
/* End PBXProject section */

/* Begin PBXResourcesBuildPhase section */
		E500CCAF17E9F75B007EC140 /* Resources */ = {
			isa = PBXResourcesBuildPhase;
			buildActionMask = 2147483647;
			files = (
				E500CCBF17E9F75B007EC140 /* InfoPlist.strings in Resources */,
				E500CCC717E9F75B007EC140 /* Default.png in Resources */,
				E500CCC917E9F75B007EC140 /* Default@2x.png in Resources */,
				E500CCCB17E9F75B007EC140 /* Default-568h@2x.png in Resources */,
				E500CCD117E9F75B007EC140 /* MMViewController.xib in Resources */,
			);
			runOnlyForDeploymentPostprocessing = 0;
		};
/* End PBXResourcesBuildPhase section */

/* Begin PBXSourcesBuildPhase section */
		E500CCAD17E9F75B007EC140 /* Sources */ = {
			isa = PBXSourcesBuildPhase;
			buildActionMask = 2147483647;
			files = (
				E500CCC117E9F75B007EC140 /* main.m in Sources */,
				E500CCC517E9F75B007EC140 /* MMAppDelegate.m in Sources */,
				E500CCCE17E9F75B007EC140 /* MMViewController.m in Sources */,
			);
			runOnlyForDeploymentPostprocessing = 0;
		};
/* End PBXSourcesBuildPhase section */

/* Begin PBXVariantGroup section */
		E500CCBD17E9F75B007EC140 /* InfoPlist.strings */ = {
			isa = PBXVariantGroup;
			children = (
				E500CCBE17E9F75B007EC140 /* en */,
			);
			name = InfoPlist.strings;
			sourceTree = "<group>";
		};
		E500CCCF17E9F75B007EC140 /* MMViewController.xib */ = {
			isa = PBXVariantGroup;
			children = (
				E500CCD017E9F75B007EC140 /* en */,
			);
			name = MMViewController.xib;
			sourceTree = "<group>";
		};
/* End PBXVariantGroup section */

/* Begin XCBuildConfiguration section */
		E500CCD217E9F75B007EC140 /* Debug */ = {
			isa = XCBuildConfiguration;
			buildSettings = {
				ALWAYS_SEARCH_USER_PATHS = NO;
				CLANG_CXX_LANGUAGE_STANDARD = "gnu++0x";
				CLANG_CXX_LIBRARY = "libc++";
				CLANG_ENABLE_OBJC_ARC = YES;
				CLANG_WARN_CONSTANT_CONVERSION = YES;
				CLANG_WARN_EMPTY_BODY = YES;
				CLANG_WARN_ENUM_CONVERSION = YES;
				CLANG_WARN_INT_CONVERSION = YES;
				CLANG_WARN__DUPLICATE_METHOD_MATCH = YES;
				"CODE_SIGN_IDENTITY[sdk=iphoneos*]" = "iPhone Developer";
				COPY_PHASE_STRIP = NO;
				GCC_C_LANGUAGE_STANDARD = gnu99;
				GCC_DYNAMIC_NO_PIC = NO;
				GCC_OPTIMIZATION_LEVEL = 0;
				GCC_PREPROCESSOR_DEFINITIONS = (
					"DEBUG=1",
					"$(inherited)",
				);
				GCC_SYMBOLS_PRIVATE_EXTERN = NO;
				GCC_WARN_ABOUT_RETURN_TYPE = YES;
				GCC_WARN_UNINITIALIZED_AUTOS = YES;
				GCC_WARN_UNUSED_VARIABLE = YES;
				IPHONEOS_DEPLOYMENT_TARGET = 6.1;
				ONLY_ACTIVE_ARCH = YES;
				SDKROOT = iphoneos;
			};
			name = Debug;
		};
		E500CCD317E9F75B007EC140 /* Release */ = {
			isa = XCBuildConfiguration;
			buildSettings = {
				ALWAYS_SEARCH_USER_PATHS = NO;
				CLANG_CXX_LANGUAGE_STANDARD = "gnu++0x";
				CLANG_CXX_LIBRARY = "libc++";
				CLANG_ENABLE_OBJC_ARC = YES;
				CLANG_WARN_CONSTANT_CONVERSION = YES;
				CLANG_WARN_EMPTY_BODY = YES;
				CLANG_WARN_ENUM_CONVERSION = YES;
				CLANG_WARN_INT_CONVERSION = YES;
				CLANG_WARN__DUPLICATE_METHOD_MATCH = YES;
				"CODE_SIGN_IDENTITY[sdk=iphoneos*]" = "iPhone Developer";
				COPY_PHASE_STRIP = YES;
				GCC_C_LANGUAGE_STANDARD = gnu99;
				GCC_WARN_ABOUT_RETURN_TYPE = YES;
				GCC_WARN_UNINITIALIZED_AUTOS = YES;
				GCC_WARN_UNUSED_VARIABLE = YES;
				IPHONEOS_DEPLOYMENT_TARGET = 6.1;
				OTHER_CFLAGS = "-DNS_BLOCK_ASSERTIONS=1";
				SDKROOT = iphoneos;
				VALIDATE_PRODUCT = YES;
			};
			name = Release;
		};
		E500CCD517E9F75B007EC140 /* Debug */ = {
			isa = XCBuildConfiguration;
			buildSettings = {
				GCC_PRECOMPILE_PREFIX_HEADER = YES;
				GCC_PREFIX_HEADER = "Interface Builder Hackwich/Interface Builder Hackwich-Prefix.pch";
				INFOPLIST_FILE = "Interface Builder Hackwich/Interface Builder Hackwich-Info.plist";
				PRODUCT_NAME = "$(TARGET_NAME)";
				WRAPPER_EXTENSION = app;
			};
			name = Debug;
		};
		E500CCD617E9F75B007EC140 /* Release */ = {
			isa = XCBuildConfiguration;
			buildSettings = {
				GCC_PRECOMPILE_PREFIX_HEADER = YES;
				GCC_PREFIX_HEADER = "Interface Builder Hackwich/Interface Builder Hackwich-Prefix.pch";
				INFOPLIST_FILE = "Interface Builder Hackwich/Interface Builder Hackwich-Info.plist";
				PRODUCT_NAME = "$(TARGET_NAME)";
				WRAPPER_EXTENSION = app;
			};
			name = Release;
		};
/* End XCBuildConfiguration section */

/* Begin XCConfigurationList section */
		E500CCAC17E9F75B007EC140 /* Build configuration list for PBXProject "Interface Builder Hackwich" */ = {
			isa = XCConfigurationList;
			buildConfigurations = (
				E500CCD217E9F75B007EC140 /* Debug */,
				E500CCD317E9F75B007EC140 /* Release */,
			);
			defaultConfigurationIsVisible = 0;
			defaultConfigurationName = Release;
		};
		E500CCD417E9F75B007EC140 /* Build configuration list for PBXNativeTarget "Interface Builder Hackwich" */ = {
			isa = XCConfigurationList;
			buildConfigurations = (
				E500CCD517E9F75B007EC140 /* Debug */,
				E500CCD617E9F75B007EC140 /* Release */,
			);
			defaultConfigurationIsVisible = 0;
		};
/* End XCConfigurationList section */
	};
	rootObject = E500CCA917E9F75B007EC140 /* Project object */;
}
