// !$*UTF8*$!
{
	archiveVersion = 1;
	classes = {
	};
	objectVersion = 46;
	objects = {

/* Begin PBXBuildFile section */
		919FA51317FB4886009B3259 /* Foundation.framework in Frameworks */ = {isa = PBXBuildFile; fileRef = 919FA51217FB4886009B3259 /* Foundation.framework */; };
		919FA51517FB4886009B3259 /* CoreGraphics.framework in Frameworks */ = {isa = PBXBuildFile; fileRef = 919FA51417FB4886009B3259 /* CoreGraphics.framework */; };
		919FA51717FB4886009B3259 /* UIKit.framework in Frameworks */ = {isa = PBXBuildFile; fileRef = 919FA51617FB4886009B3259 /* UIKit.framework */; };
		919FA51D17FB4886009B3259 /* InfoPlist.strings in Resources */ = {isa = PBXBuildFile; fileRef = 919FA51B17FB4886009B3259 /* InfoPlist.strings */; };
		919FA51F17FB4886009B3259 /* main.m in Sources */ = {isa = PBXBuildFile; fileRef = 919FA51E17FB4886009B3259 /* main.m */; };
		919FA52317FB4886009B3259 /* DBAppDelegate.m in Sources */ = {isa = PBXBuildFile; fileRef = 919FA52217FB4886009B3259 /* DBAppDelegate.m */; };
		919FA52617FB4886009B3259 /* Main.storyboard in Resources */ = {isa = PBXBuildFile; fileRef = 919FA52417FB4886009B3259 /* Main.storyboard */; };
		919FA52917FB4886009B3259 /* DBViewController.m in Sources */ = {isa = PBXBuildFile; fileRef = 919FA52817FB4886009B3259 /* DBViewController.m */; };
		919FA52B17FB4886009B3259 /* Images.xcassets in Resources */ = {isa = PBXBuildFile; fileRef = 919FA52A17FB4886009B3259 /* Images.xcassets */; };
		919FA53217FB4886009B3259 /* XCTest.framework in Frameworks */ = {isa = PBXBuildFile; fileRef = 919FA53117FB4886009B3259 /* XCTest.framework */; };
		919FA53317FB4886009B3259 /* Foundation.framework in Frameworks */ = {isa = PBXBuildFile; fileRef = 919FA51217FB4886009B3259 /* Foundation.framework */; };
		919FA53417FB4886009B3259 /* UIKit.framework in Frameworks */ = {isa = PBXBuildFile; fileRef = 919FA51617FB4886009B3259 /* UIKit.framework */; };
		919FA53C17FB4886009B3259 /* InfoPlist.strings in Resources */ = {isa = PBXBuildFile; fileRef = 919FA53A17FB4886009B3259 /* InfoPlist.strings */; };
		919FA53E17FB4886009B3259 /* Block_ChallengeTests.m in Sources */ = {isa = PBXBuildFile; fileRef = 919FA53D17FB4886009B3259 /* Block_ChallengeTests.m */; };
		919FA54917FB4F76009B3259 /* OddnEvenSplit.m in Sources */ = {isa = PBXBuildFile; fileRef = 919FA54817FB4F76009B3259 /* OddnEvenSplit.m */; };
/* End PBXBuildFile section */

/* Begin PBXContainerItemProxy section */
		919FA53517FB4886009B3259 /* PBXContainerItemProxy */ = {
			isa = PBXContainerItemProxy;
			containerPortal = 919FA50717FB4886009B3259 /* Project object */;
			proxyType = 1;
			remoteGlobalIDString = 919FA50E17FB4886009B3259;
			remoteInfo = "Block Challenge";
		};
/* End PBXContainerItemProxy section */

/* Begin PBXFileReference section */
		919FA50F17FB4886009B3259 /* Block Challenge.app */ = {isa = PBXFileReference; explicitFileType = wrapper.application; includeInIndex = 0; path = "Block Challenge.app"; sourceTree = BUILT_PRODUCTS_DIR; };
		919FA51217FB4886009B3259 /* Foundation.framework */ = {isa = PBXFileReference; lastKnownFileType = wrapper.framework; name = Foundation.framework; path = System/Library/Frameworks/Foundation.framework; sourceTree = SDKROOT; };
		919FA51417FB4886009B3259 /* CoreGraphics.framework */ = {isa = PBXFileReference; lastKnownFileType = wrapper.framework; name = CoreGraphics.framework; path = System/Library/Frameworks/CoreGraphics.framework; sourceTree = SDKROOT; };
		919FA51617FB4886009B3259 /* UIKit.framework */ = {isa = PBXFileReference; lastKnownFileType = wrapper.framework; name = UIKit.framework; path = System/Library/Frameworks/UIKit.framework; sourceTree = SDKROOT; };
		919FA51A17FB4886009B3259 /* Block Challenge-Info.plist */ = {isa = PBXFileReference; lastKnownFileType = text.plist.xml; path = "Block Challenge-Info.plist"; sourceTree = "<group>"; };
		919FA51C17FB4886009B3259 /* en */ = {isa = PBXFileReference; lastKnownFileType = text.plist.strings; name = en; path = en.lproj/InfoPlist.strings; sourceTree = "<group>"; };
		919FA51E17FB4886009B3259 /* main.m */ = {isa = PBXFileReference; lastKnownFileType = sourcecode.c.objc; path = main.m; sourceTree = "<group>"; };
		919FA52017FB4886009B3259 /* Block Challenge-Prefix.pch */ = {isa = PBXFileReference; lastKnownFileType = sourcecode.c.h; path = "Block Challenge-Prefix.pch"; sourceTree = "<group>"; };
		919FA52117FB4886009B3259 /* DBAppDelegate.h */ = {isa = PBXFileReference; lastKnownFileType = sourcecode.c.h; path = DBAppDelegate.h; sourceTree = "<group>"; };
		919FA52217FB4886009B3259 /* DBAppDelegate.m */ = {isa = PBXFileReference; lastKnownFileType = sourcecode.c.objc; path = DBAppDelegate.m; sourceTree = "<group>"; };
		919FA52517FB4886009B3259 /* Base */ = {isa = PBXFileReference; lastKnownFileType = file.storyboard; name = Base; path = Base.lproj/Main.storyboard; sourceTree = "<group>"; };
		919FA52717FB4886009B3259 /* DBViewController.h */ = {isa = PBXFileReference; lastKnownFileType = sourcecode.c.h; path = DBViewController.h; sourceTree = "<group>"; };
		919FA52817FB4886009B3259 /* DBViewController.m */ = {isa = PBXFileReference; lastKnownFileType = sourcecode.c.objc; path = DBViewController.m; sourceTree = "<group>"; };
		919FA52A17FB4886009B3259 /* Images.xcassets */ = {isa = PBXFileReference; lastKnownFileType = folder.assetcatalog; path = Images.xcassets; sourceTree = "<group>"; };
		919FA53017FB4886009B3259 /* Block ChallengeTests.xctest */ = {isa = PBXFileReference; explicitFileType = wrapper.cfbundle; includeInIndex = 0; path = "Block ChallengeTests.xctest"; sourceTree = BUILT_PRODUCTS_DIR; };
		919FA53117FB4886009B3259 /* XCTest.framework */ = {isa = PBXFileReference; lastKnownFileType = wrapper.framework; name = XCTest.framework; path = Library/Frameworks/XCTest.framework; sourceTree = DEVELOPER_DIR; };
		919FA53917FB4886009B3259 /* Block ChallengeTests-Info.plist */ = {isa = PBXFileReference; lastKnownFileType = text.plist.xml; path = "Block ChallengeTests-Info.plist"; sourceTree = "<group>"; };
		919FA53B17FB4886009B3259 /* en */ = {isa = PBXFileReference; lastKnownFileType = text.plist.strings; name = en; path = en.lproj/InfoPlist.strings; sourceTree = "<group>"; };
		919FA53D17FB4886009B3259 /* Block_ChallengeTests.m */ = {isa = PBXFileReference; lastKnownFileType = sourcecode.c.objc; path = Block_ChallengeTests.m; sourceTree = "<group>"; };
		919FA54717FB4F76009B3259 /* OddnEvenSplit.h */ = {isa = PBXFileReference; fileEncoding = 4; lastKnownFileType = sourcecode.c.h; path = OddnEvenSplit.h; sourceTree = "<group>"; };
		919FA54817FB4F76009B3259 /* OddnEvenSplit.m */ = {isa = PBXFileReference; fileEncoding = 4; lastKnownFileType = sourcecode.c.objc; path = OddnEvenSplit.m; sourceTree = "<group>"; };
/* End PBXFileReference section */

/* Begin PBXFrameworksBuildPhase section */
		919FA50C17FB4886009B3259 /* Frameworks */ = {
			isa = PBXFrameworksBuildPhase;
			buildActionMask = 2147483647;
			files = (
				919FA51517FB4886009B3259 /* CoreGraphics.framework in Frameworks */,
				919FA51717FB4886009B3259 /* UIKit.framework in Frameworks */,
				919FA51317FB4886009B3259 /* Foundation.framework in Frameworks */,
			);
			runOnlyForDeploymentPostprocessing = 0;
		};
		919FA52D17FB4886009B3259 /* Frameworks */ = {
			isa = PBXFrameworksBuildPhase;
			buildActionMask = 2147483647;
			files = (
				919FA53217FB4886009B3259 /* XCTest.framework in Frameworks */,
				919FA53417FB4886009B3259 /* UIKit.framework in Frameworks */,
				919FA53317FB4886009B3259 /* Foundation.framework in Frameworks */,
			);
			runOnlyForDeploymentPostprocessing = 0;
		};
/* End PBXFrameworksBuildPhase section */

/* Begin PBXGroup section */
		919FA50617FB4886009B3259 = {
			isa = PBXGroup;
			children = (
				919FA51817FB4886009B3259 /* Block Challenge */,
				919FA51117FB4886009B3259 /* Frameworks */,
				919FA51017FB4886009B3259 /* Products */,
			);
			sourceTree = "<group>";
		};
		919FA51017FB4886009B3259 /* Products */ = {
			isa = PBXGroup;
			children = (
				919FA50F17FB4886009B3259 /* Block Challenge.app */,
				919FA53017FB4886009B3259 /* Block ChallengeTests.xctest */,
			);
			name = Products;
			sourceTree = "<group>";
		};
		919FA51117FB4886009B3259 /* Frameworks */ = {
			isa = PBXGroup;
			children = (
				919FA51217FB4886009B3259 /* Foundation.framework */,
				919FA51417FB4886009B3259 /* CoreGraphics.framework */,
				919FA51617FB4886009B3259 /* UIKit.framework */,
				919FA53117FB4886009B3259 /* XCTest.framework */,
			);
			name = Frameworks;
			sourceTree = "<group>";
		};
		919FA51817FB4886009B3259 /* Block Challenge */ = {
			isa = PBXGroup;
			children = (
				919FA52117FB4886009B3259 /* DBAppDelegate.h */,
				919FA52217FB4886009B3259 /* DBAppDelegate.m */,
				919FA52417FB4886009B3259 /* Main.storyboard */,
				919FA52717FB4886009B3259 /* DBViewController.h */,
				919FA52817FB4886009B3259 /* DBViewController.m */,
				919FA54717FB4F76009B3259 /* OddnEvenSplit.h */,
				919FA54817FB4F76009B3259 /* OddnEvenSplit.m */,
				919FA52A17FB4886009B3259 /* Images.xcassets */,
				919FA51917FB4886009B3259 /* Supporting Files */,
			);
			path = "Block Challenge";
			sourceTree = "<group>";
		};
		919FA51917FB4886009B3259 /* Supporting Files */ = {
			isa = PBXGroup;
			children = (
				919FA53717FB4886009B3259 /* Block ChallengeTests */,
				919FA51A17FB4886009B3259 /* Block Challenge-Info.plist */,
				919FA51B17FB4886009B3259 /* InfoPlist.strings */,
				919FA51E17FB4886009B3259 /* main.m */,
				919FA52017FB4886009B3259 /* Block Challenge-Prefix.pch */,
			);
			name = "Supporting Files";
			sourceTree = "<group>";
		};
		919FA53717FB4886009B3259 /* Block ChallengeTests */ = {
			isa = PBXGroup;
			children = (
				919FA53D17FB4886009B3259 /* Block_ChallengeTests.m */,
				919FA53817FB4886009B3259 /* Supporting Files */,
			);
			path = "Block ChallengeTests";
			sourceTree = SOURCE_ROOT;
		};
		919FA53817FB4886009B3259 /* Supporting Files */ = {
			isa = PBXGroup;
			children = (
				919FA53917FB4886009B3259 /* Block ChallengeTests-Info.plist */,
				919FA53A17FB4886009B3259 /* InfoPlist.strings */,
			);
			name = "Supporting Files";
			sourceTree = "<group>";
		};
/* End PBXGroup section */

/* Begin PBXNativeTarget section */
		919FA50E17FB4886009B3259 /* Block Challenge */ = {
			isa = PBXNativeTarget;
			buildConfigurationList = 919FA54117FB4886009B3259 /* Build configuration list for PBXNativeTarget "Block Challenge" */;
			buildPhases = (
				919FA50B17FB4886009B3259 /* Sources */,
				919FA50C17FB4886009B3259 /* Frameworks */,
				919FA50D17FB4886009B3259 /* Resources */,
			);
			buildRules = (
			);
			dependencies = (
			);
			name = "Block Challenge";
			productName = "Block Challenge";
			productReference = 919FA50F17FB4886009B3259 /* Block Challenge.app */;
			productType = "com.apple.product-type.application";
		};
		919FA52F17FB4886009B3259 /* Block ChallengeTests */ = {
			isa = PBXNativeTarget;
			buildConfigurationList = 919FA54417FB4886009B3259 /* Build configuration list for PBXNativeTarget "Block ChallengeTests" */;
			buildPhases = (
				919FA52C17FB4886009B3259 /* Sources */,
				919FA52D17FB4886009B3259 /* Frameworks */,
				919FA52E17FB4886009B3259 /* Resources */,
			);
			buildRules = (
			);
			dependencies = (
				919FA53617FB4886009B3259 /* PBXTargetDependency */,
			);
			name = "Block ChallengeTests";
			productName = "Block ChallengeTests";
			productReference = 919FA53017FB4886009B3259 /* Block ChallengeTests.xctest */;
			productType = "com.apple.product-type.bundle.unit-test";
		};
/* End PBXNativeTarget section */

/* Begin PBXProject section */
		919FA50717FB4886009B3259 /* Project object */ = {
			isa = PBXProject;
			attributes = {
				CLASSPREFIX = DB;
				LastUpgradeCheck = 0500;
				ORGANIZATIONNAME = deebost;
				TargetAttributes = {
					919FA52F17FB4886009B3259 = {
						TestTargetID = 919FA50E17FB4886009B3259;
					};
				};
			};
			buildConfigurationList = 919FA50A17FB4886009B3259 /* Build configuration list for PBXProject "Block Challenge" */;
			compatibilityVersion = "Xcode 3.2";
			developmentRegion = English;
			hasScannedForEncodings = 0;
			knownRegions = (
				en,
				Base,
			);
			mainGroup = 919FA50617FB4886009B3259;
			productRefGroup = 919FA51017FB4886009B3259 /* Products */;
			projectDirPath = "";
			projectRoot = "";
			targets = (
				919FA50E17FB4886009B3259 /* Block Challenge */,
				919FA52F17FB4886009B3259 /* Block ChallengeTests */,
			);
		};
/* End PBXProject section */

/* Begin PBXResourcesBuildPhase section */
		919FA50D17FB4886009B3259 /* Resources */ = {
			isa = PBXResourcesBuildPhase;
			buildActionMask = 2147483647;
			files = (
				919FA52B17FB4886009B3259 /* Images.xcassets in Resources */,
				919FA51D17FB4886009B3259 /* InfoPlist.strings in Resources */,
				919FA52617FB4886009B3259 /* Main.storyboard in Resources */,
			);
			runOnlyForDeploymentPostprocessing = 0;
		};
		919FA52E17FB4886009B3259 /* Resources */ = {
			isa = PBXResourcesBuildPhase;
			buildActionMask = 2147483647;
			files = (
				919FA53C17FB4886009B3259 /* InfoPlist.strings in Resources */,
			);
			runOnlyForDeploymentPostprocessing = 0;
		};
/* End PBXResourcesBuildPhase section */

/* Begin PBXSourcesBuildPhase section */
		919FA50B17FB4886009B3259 /* Sources */ = {
			isa = PBXSourcesBuildPhase;
			buildActionMask = 2147483647;
			files = (
				919FA52317FB4886009B3259 /* DBAppDelegate.m in Sources */,
				919FA54917FB4F76009B3259 /* OddnEvenSplit.m in Sources */,
				919FA52917FB4886009B3259 /* DBViewController.m in Sources */,
				919FA51F17FB4886009B3259 /* main.m in Sources */,
			);
			runOnlyForDeploymentPostprocessing = 0;
		};
		919FA52C17FB4886009B3259 /* Sources */ = {
			isa = PBXSourcesBuildPhase;
			buildActionMask = 2147483647;
			files = (
				919FA53E17FB4886009B3259 /* Block_ChallengeTests.m in Sources */,
			);
			runOnlyForDeploymentPostprocessing = 0;
		};
/* End PBXSourcesBuildPhase section */

/* Begin PBXTargetDependency section */
		919FA53617FB4886009B3259 /* PBXTargetDependency */ = {
			isa = PBXTargetDependency;
			target = 919FA50E17FB4886009B3259 /* Block Challenge */;
			targetProxy = 919FA53517FB4886009B3259 /* PBXContainerItemProxy */;
		};
/* End PBXTargetDependency section */

/* Begin PBXVariantGroup section */
		919FA51B17FB4886009B3259 /* InfoPlist.strings */ = {
			isa = PBXVariantGroup;
			children = (
				919FA51C17FB4886009B3259 /* en */,
			);
			name = InfoPlist.strings;
			sourceTree = "<group>";
		};
		919FA52417FB4886009B3259 /* Main.storyboard */ = {
			isa = PBXVariantGroup;
			children = (
				919FA52517FB4886009B3259 /* Base */,
			);
			name = Main.storyboard;
			sourceTree = "<group>";
		};
		919FA53A17FB4886009B3259 /* InfoPlist.strings */ = {
			isa = PBXVariantGroup;
			children = (
				919FA53B17FB4886009B3259 /* en */,
			);
			name = InfoPlist.strings;
			sourceTree = "<group>";
		};
/* End PBXVariantGroup section */

/* Begin XCBuildConfiguration section */
		919FA53F17FB4886009B3259 /* Debug */ = {
			isa = XCBuildConfiguration;
			buildSettings = {
				ALWAYS_SEARCH_USER_PATHS = NO;
				ARCHS = "$(ARCHS_STANDARD_INCLUDING_64_BIT)";
				CLANG_CXX_LANGUAGE_STANDARD = "gnu++0x";
				CLANG_CXX_LIBRARY = "libc++";
				CLANG_ENABLE_MODULES = YES;
				CLANG_ENABLE_OBJC_ARC = YES;
				CLANG_WARN_BOOL_CONVERSION = YES;
				CLANG_WARN_CONSTANT_CONVERSION = YES;
				CLANG_WARN_DIRECT_OBJC_ISA_USAGE = YES_ERROR;
				CLANG_WARN_EMPTY_BODY = YES;
				CLANG_WARN_ENUM_CONVERSION = YES;
				CLANG_WARN_INT_CONVERSION = YES;
				CLANG_WARN_OBJC_ROOT_CLASS = YES_ERROR;
				CLANG_WARN__DUPLICATE_METHOD_MATCH = YES;
				"CODE_SIGN_IDENTITY[sdk=iphoneos*]" = "iPhone Developer";
				COPY_PHASE_STRIP = NO;
				GCC_C_LANGUAGE_STANDARD = gnu99;
				GCC_DYNAMIC_NO_PIC = NO;
				GCC_OPTIMIZATION_LEVEL = 0;
				GCC_PREPROCESSOR_DEFINITIONS = (
					"DEBUG=1",
					"$(inherited)",
				);
				GCC_SYMBOLS_PRIVATE_EXTERN = NO;
				GCC_WARN_64_TO_32_BIT_CONVERSION = YES;
				GCC_WARN_ABOUT_RETURN_TYPE = YES_ERROR;
				GCC_WARN_UNDECLARED_SELECTOR = YES;
				GCC_WARN_UNINITIALIZED_AUTOS = YES;
				GCC_WARN_UNUSED_FUNCTION = YES;
				GCC_WARN_UNUSED_VARIABLE = YES;
				IPHONEOS_DEPLOYMENT_TARGET = 7.0;
				ONLY_ACTIVE_ARCH = YES;
				SDKROOT = iphoneos;
			};
			name = Debug;
		};
		919FA54017FB4886009B3259 /* Release */ = {
			isa = XCBuildConfiguration;
			buildSettings = {
				ALWAYS_SEARCH_USER_PATHS = NO;
				ARCHS = "$(ARCHS_STANDARD_INCLUDING_64_BIT)";
				CLANG_CXX_LANGUAGE_STANDARD = "gnu++0x";
				CLANG_CXX_LIBRARY = "libc++";
				CLANG_ENABLE_MODULES = YES;
				CLANG_ENABLE_OBJC_ARC = YES;
				CLANG_WARN_BOOL_CONVERSION = YES;
				CLANG_WARN_CONSTANT_CONVERSION = YES;
				CLANG_WARN_DIRECT_OBJC_ISA_USAGE = YES_ERROR;
				CLANG_WARN_EMPTY_BODY = YES;
				CLANG_WARN_ENUM_CONVERSION = YES;
				CLANG_WARN_INT_CONVERSION = YES;
				CLANG_WARN_OBJC_ROOT_CLASS = YES_ERROR;
				CLANG_WARN__DUPLICATE_METHOD_MATCH = YES;
				"CODE_SIGN_IDENTITY[sdk=iphoneos*]" = "iPhone Developer";
				COPY_PHASE_STRIP = YES;
				ENABLE_NS_ASSERTIONS = NO;
				GCC_C_LANGUAGE_STANDARD = gnu99;
				GCC_WARN_64_TO_32_BIT_CONVERSION = YES;
				GCC_WARN_ABOUT_RETURN_TYPE = YES_ERROR;
				GCC_WARN_UNDECLARED_SELECTOR = YES;
				GCC_WARN_UNINITIALIZED_AUTOS = YES;
				GCC_WARN_UNUSED_FUNCTION = YES;
				GCC_WARN_UNUSED_VARIABLE = YES;
				IPHONEOS_DEPLOYMENT_TARGET = 7.0;
				SDKROOT = iphoneos;
				VALIDATE_PRODUCT = YES;
			};
			name = Release;
		};
		919FA54217FB4886009B3259 /* Debug */ = {
			isa = XCBuildConfiguration;
			buildSettings = {
				ASSETCATALOG_COMPILER_APPICON_NAME = AppIcon;
				ASSETCATALOG_COMPILER_LAUNCHIMAGE_NAME = LaunchImage;
				GCC_PRECOMPILE_PREFIX_HEADER = YES;
				GCC_PREFIX_HEADER = "Block Challenge/Block Challenge-Prefix.pch";
				INFOPLIST_FILE = "Block Challenge/Block Challenge-Info.plist";
				PRODUCT_NAME = "$(TARGET_NAME)";
				WRAPPER_EXTENSION = app;
			};
			name = Debug;
		};
		919FA54317FB4886009B3259 /* Release */ = {
			isa = XCBuildConfiguration;
			buildSettings = {
				ASSETCATALOG_COMPILER_APPICON_NAME = AppIcon;
				ASSETCATALOG_COMPILER_LAUNCHIMAGE_NAME = LaunchImage;
				GCC_PRECOMPILE_PREFIX_HEADER = YES;
				GCC_PREFIX_HEADER = "Block Challenge/Block Challenge-Prefix.pch";
				INFOPLIST_FILE = "Block Challenge/Block Challenge-Info.plist";
				PRODUCT_NAME = "$(TARGET_NAME)";
				WRAPPER_EXTENSION = app;
			};
			name = Release;
		};
		919FA54517FB4886009B3259 /* Debug */ = {
			isa = XCBuildConfiguration;
			buildSettings = {
				ARCHS = "$(ARCHS_STANDARD_INCLUDING_64_BIT)";
				BUNDLE_LOADER = "$(BUILT_PRODUCTS_DIR)/Block Challenge.app/Block Challenge";
				FRAMEWORK_SEARCH_PATHS = (
					"$(SDKROOT)/Developer/Library/Frameworks",
					"$(inherited)",
					"$(DEVELOPER_FRAMEWORKS_DIR)",
				);
				GCC_PRECOMPILE_PREFIX_HEADER = YES;
				GCC_PREFIX_HEADER = "Block Challenge/Block Challenge-Prefix.pch";
				GCC_PREPROCESSOR_DEFINITIONS = (
					"DEBUG=1",
					"$(inherited)",
				);
				INFOPLIST_FILE = "Block ChallengeTests/Block ChallengeTests-Info.plist";
				PRODUCT_NAME = "$(TARGET_NAME)";
				TEST_HOST = "$(BUNDLE_LOADER)";
				WRAPPER_EXTENSION = xctest;
			};
			name = Debug;
		};
		919FA54617FB4886009B3259 /* Release */ = {
			isa = XCBuildConfiguration;
			buildSettings = {
				ARCHS = "$(ARCHS_STANDARD_INCLUDING_64_BIT)";
				BUNDLE_LOADER = "$(BUILT_PRODUCTS_DIR)/Block Challenge.app/Block Challenge";
				FRAMEWORK_SEARCH_PATHS = (
					"$(SDKROOT)/Developer/Library/Frameworks",
					"$(inherited)",
					"$(DEVELOPER_FRAMEWORKS_DIR)",
				);
				GCC_PRECOMPILE_PREFIX_HEADER = YES;
				GCC_PREFIX_HEADER = "Block Challenge/Block Challenge-Prefix.pch";
				INFOPLIST_FILE = "Block ChallengeTests/Block ChallengeTests-Info.plist";
				PRODUCT_NAME = "$(TARGET_NAME)";
				TEST_HOST = "$(BUNDLE_LOADER)";
				WRAPPER_EXTENSION = xctest;
			};
			name = Release;
		};
/* End XCBuildConfiguration section */

/* Begin XCConfigurationList section */
		919FA50A17FB4886009B3259 /* Build configuration list for PBXProject "Block Challenge" */ = {
			isa = XCConfigurationList;
			buildConfigurations = (
				919FA53F17FB4886009B3259 /* Debug */,
				919FA54017FB4886009B3259 /* Release */,
			);
			defaultConfigurationIsVisible = 0;
			defaultConfigurationName = Release;
		};
		919FA54117FB4886009B3259 /* Build configuration list for PBXNativeTarget "Block Challenge" */ = {
			isa = XCConfigurationList;
			buildConfigurations = (
				919FA54217FB4886009B3259 /* Debug */,
				919FA54317FB4886009B3259 /* Release */,
			);
			defaultConfigurationIsVisible = 0;
		};
		919FA54417FB4886009B3259 /* Build configuration list for PBXNativeTarget "Block ChallengeTests" */ = {
			isa = XCConfigurationList;
			buildConfigurations = (
				919FA54517FB4886009B3259 /* Debug */,
				919FA54617FB4886009B3259 /* Release */,
			);
			defaultConfigurationIsVisible = 0;
		};
/* End XCConfigurationList section */
	};
	rootObject = 919FA50717FB4886009B3259 /* Project object */;
}
