// !$*UTF8*$!
{
	archiveVersion = 1;
	classes = {
	};
	objectVersion = 46;
	objects = {

/* Begin PBXBuildFile section */
		91D9D8BF17F0E03100403918 /* Foundation.framework in Frameworks */ = {isa = PBXBuildFile; fileRef = 91D9D8BE17F0E03100403918 /* Foundation.framework */; };
		91D9D8C117F0E03100403918 /* CoreGraphics.framework in Frameworks */ = {isa = PBXBuildFile; fileRef = 91D9D8C017F0E03100403918 /* CoreGraphics.framework */; };
		91D9D8C317F0E03100403918 /* UIKit.framework in Frameworks */ = {isa = PBXBuildFile; fileRef = 91D9D8C217F0E03100403918 /* UIKit.framework */; };
		91D9D8C917F0E03100403918 /* InfoPlist.strings in Resources */ = {isa = PBXBuildFile; fileRef = 91D9D8C717F0E03100403918 /* InfoPlist.strings */; };
		91D9D8CB17F0E03100403918 /* main.m in Sources */ = {isa = PBXBuildFile; fileRef = 91D9D8CA17F0E03100403918 /* main.m */; };
		91D9D8CF17F0E03100403918 /* DBAppDelegate.m in Sources */ = {isa = PBXBuildFile; fileRef = 91D9D8CE17F0E03100403918 /* DBAppDelegate.m */; };
		91D9D8D217F0E03100403918 /* Main.storyboard in Resources */ = {isa = PBXBuildFile; fileRef = 91D9D8D017F0E03100403918 /* Main.storyboard */; };
		91D9D8D517F0E03100403918 /* DBViewController.m in Sources */ = {isa = PBXBuildFile; fileRef = 91D9D8D417F0E03100403918 /* DBViewController.m */; };
		91D9D8D717F0E03100403918 /* Images.xcassets in Resources */ = {isa = PBXBuildFile; fileRef = 91D9D8D617F0E03100403918 /* Images.xcassets */; };
		91D9D8DE17F0E03100403918 /* XCTest.framework in Frameworks */ = {isa = PBXBuildFile; fileRef = 91D9D8DD17F0E03100403918 /* XCTest.framework */; };
		91D9D8DF17F0E03100403918 /* Foundation.framework in Frameworks */ = {isa = PBXBuildFile; fileRef = 91D9D8BE17F0E03100403918 /* Foundation.framework */; };
		91D9D8E017F0E03100403918 /* UIKit.framework in Frameworks */ = {isa = PBXBuildFile; fileRef = 91D9D8C217F0E03100403918 /* UIKit.framework */; };
		91D9D8E817F0E03100403918 /* InfoPlist.strings in Resources */ = {isa = PBXBuildFile; fileRef = 91D9D8E617F0E03100403918 /* InfoPlist.strings */; };
		91D9D8EA17F0E03100403918 /* Extra_DelegationTests.m in Sources */ = {isa = PBXBuildFile; fileRef = 91D9D8E917F0E03100403918 /* Extra_DelegationTests.m */; };
		91D9D8F517F0E54E00403918 /* DBsecondView.m in Sources */ = {isa = PBXBuildFile; fileRef = 91D9D8F417F0E54E00403918 /* DBsecondView.m */; };
/* End PBXBuildFile section */

/* Begin PBXContainerItemProxy section */
		91D9D8E117F0E03100403918 /* PBXContainerItemProxy */ = {
			isa = PBXContainerItemProxy;
			containerPortal = 91D9D8B317F0E03100403918 /* Project object */;
			proxyType = 1;
			remoteGlobalIDString = 91D9D8BA17F0E03100403918;
			remoteInfo = "Extra Delegation";
		};
/* End PBXContainerItemProxy section */

/* Begin PBXFileReference section */
		91D9D8BB17F0E03100403918 /* Extra Delegation.app */ = {isa = PBXFileReference; explicitFileType = wrapper.application; includeInIndex = 0; path = "Extra Delegation.app"; sourceTree = BUILT_PRODUCTS_DIR; };
		91D9D8BE17F0E03100403918 /* Foundation.framework */ = {isa = PBXFileReference; lastKnownFileType = wrapper.framework; name = Foundation.framework; path = System/Library/Frameworks/Foundation.framework; sourceTree = SDKROOT; };
		91D9D8C017F0E03100403918 /* CoreGraphics.framework */ = {isa = PBXFileReference; lastKnownFileType = wrapper.framework; name = CoreGraphics.framework; path = System/Library/Frameworks/CoreGraphics.framework; sourceTree = SDKROOT; };
		91D9D8C217F0E03100403918 /* UIKit.framework */ = {isa = PBXFileReference; lastKnownFileType = wrapper.framework; name = UIKit.framework; path = System/Library/Frameworks/UIKit.framework; sourceTree = SDKROOT; };
		91D9D8C617F0E03100403918 /* Extra Delegation-Info.plist */ = {isa = PBXFileReference; lastKnownFileType = text.plist.xml; path = "Extra Delegation-Info.plist"; sourceTree = "<group>"; };
		91D9D8C817F0E03100403918 /* en */ = {isa = PBXFileReference; lastKnownFileType = text.plist.strings; name = en; path = en.lproj/InfoPlist.strings; sourceTree = "<group>"; };
		91D9D8CA17F0E03100403918 /* main.m */ = {isa = PBXFileReference; lastKnownFileType = sourcecode.c.objc; path = main.m; sourceTree = "<group>"; };
		91D9D8CC17F0E03100403918 /* Extra Delegation-Prefix.pch */ = {isa = PBXFileReference; lastKnownFileType = sourcecode.c.h; path = "Extra Delegation-Prefix.pch"; sourceTree = "<group>"; };
		91D9D8CD17F0E03100403918 /* DBAppDelegate.h */ = {isa = PBXFileReference; lastKnownFileType = sourcecode.c.h; path = DBAppDelegate.h; sourceTree = "<group>"; };
		91D9D8CE17F0E03100403918 /* DBAppDelegate.m */ = {isa = PBXFileReference; lastKnownFileType = sourcecode.c.objc; path = DBAppDelegate.m; sourceTree = "<group>"; };
		91D9D8D117F0E03100403918 /* Base */ = {isa = PBXFileReference; lastKnownFileType = file.storyboard; name = Base; path = Base.lproj/Main.storyboard; sourceTree = "<group>"; };
		91D9D8D317F0E03100403918 /* DBViewController.h */ = {isa = PBXFileReference; lastKnownFileType = sourcecode.c.h; path = DBViewController.h; sourceTree = "<group>"; };
		91D9D8D417F0E03100403918 /* DBViewController.m */ = {isa = PBXFileReference; lastKnownFileType = sourcecode.c.objc; path = DBViewController.m; sourceTree = "<group>"; };
		91D9D8D617F0E03100403918 /* Images.xcassets */ = {isa = PBXFileReference; lastKnownFileType = folder.assetcatalog; path = Images.xcassets; sourceTree = "<group>"; };
		91D9D8DC17F0E03100403918 /* Extra DelegationTests.xctest */ = {isa = PBXFileReference; explicitFileType = wrapper.cfbundle; includeInIndex = 0; path = "Extra DelegationTests.xctest"; sourceTree = BUILT_PRODUCTS_DIR; };
		91D9D8DD17F0E03100403918 /* XCTest.framework */ = {isa = PBXFileReference; lastKnownFileType = wrapper.framework; name = XCTest.framework; path = Library/Frameworks/XCTest.framework; sourceTree = DEVELOPER_DIR; };
		91D9D8E517F0E03100403918 /* Extra DelegationTests-Info.plist */ = {isa = PBXFileReference; lastKnownFileType = text.plist.xml; path = "Extra DelegationTests-Info.plist"; sourceTree = "<group>"; };
		91D9D8E717F0E03100403918 /* en */ = {isa = PBXFileReference; lastKnownFileType = text.plist.strings; name = en; path = en.lproj/InfoPlist.strings; sourceTree = "<group>"; };
		91D9D8E917F0E03100403918 /* Extra_DelegationTests.m */ = {isa = PBXFileReference; lastKnownFileType = sourcecode.c.objc; path = Extra_DelegationTests.m; sourceTree = "<group>"; };
		91D9D8F317F0E54E00403918 /* DBsecondView.h */ = {isa = PBXFileReference; fileEncoding = 4; lastKnownFileType = sourcecode.c.h; path = DBsecondView.h; sourceTree = "<group>"; };
		91D9D8F417F0E54E00403918 /* DBsecondView.m */ = {isa = PBXFileReference; fileEncoding = 4; lastKnownFileType = sourcecode.c.objc; path = DBsecondView.m; sourceTree = "<group>"; };
/* End PBXFileReference section */

/* Begin PBXFrameworksBuildPhase section */
		91D9D8B817F0E03100403918 /* Frameworks */ = {
			isa = PBXFrameworksBuildPhase;
			buildActionMask = 2147483647;
			files = (
				91D9D8C117F0E03100403918 /* CoreGraphics.framework in Frameworks */,
				91D9D8C317F0E03100403918 /* UIKit.framework in Frameworks */,
				91D9D8BF17F0E03100403918 /* Foundation.framework in Frameworks */,
			);
			runOnlyForDeploymentPostprocessing = 0;
		};
		91D9D8D917F0E03100403918 /* Frameworks */ = {
			isa = PBXFrameworksBuildPhase;
			buildActionMask = 2147483647;
			files = (
				91D9D8DE17F0E03100403918 /* XCTest.framework in Frameworks */,
				91D9D8E017F0E03100403918 /* UIKit.framework in Frameworks */,
				91D9D8DF17F0E03100403918 /* Foundation.framework in Frameworks */,
			);
			runOnlyForDeploymentPostprocessing = 0;
		};
/* End PBXFrameworksBuildPhase section */

/* Begin PBXGroup section */
		91D9D8B217F0E03100403918 = {
			isa = PBXGroup;
			children = (
				91D9D8C417F0E03100403918 /* Extra Delegation */,
				91D9D8E317F0E03100403918 /* Extra DelegationTests */,
				91D9D8BD17F0E03100403918 /* Frameworks */,
				91D9D8BC17F0E03100403918 /* Products */,
			);
			sourceTree = "<group>";
		};
		91D9D8BC17F0E03100403918 /* Products */ = {
			isa = PBXGroup;
			children = (
				91D9D8BB17F0E03100403918 /* Extra Delegation.app */,
				91D9D8DC17F0E03100403918 /* Extra DelegationTests.xctest */,
			);
			name = Products;
			sourceTree = "<group>";
		};
		91D9D8BD17F0E03100403918 /* Frameworks */ = {
			isa = PBXGroup;
			children = (
				91D9D8BE17F0E03100403918 /* Foundation.framework */,
				91D9D8C017F0E03100403918 /* CoreGraphics.framework */,
				91D9D8C217F0E03100403918 /* UIKit.framework */,
				91D9D8DD17F0E03100403918 /* XCTest.framework */,
			);
			name = Frameworks;
			sourceTree = "<group>";
		};
		91D9D8C417F0E03100403918 /* Extra Delegation */ = {
			isa = PBXGroup;
			children = (
				91D9D8CD17F0E03100403918 /* DBAppDelegate.h */,
				91D9D8CE17F0E03100403918 /* DBAppDelegate.m */,
				91D9D8D017F0E03100403918 /* Main.storyboard */,
				91D9D8F317F0E54E00403918 /* DBsecondView.h */,
				91D9D8F417F0E54E00403918 /* DBsecondView.m */,
				91D9D8D317F0E03100403918 /* DBViewController.h */,
				91D9D8D417F0E03100403918 /* DBViewController.m */,
				91D9D8D617F0E03100403918 /* Images.xcassets */,
				91D9D8C517F0E03100403918 /* Supporting Files */,
			);
			path = "Extra Delegation";
			sourceTree = "<group>";
		};
		91D9D8C517F0E03100403918 /* Supporting Files */ = {
			isa = PBXGroup;
			children = (
				91D9D8C617F0E03100403918 /* Extra Delegation-Info.plist */,
				91D9D8C717F0E03100403918 /* InfoPlist.strings */,
				91D9D8CA17F0E03100403918 /* main.m */,
				91D9D8CC17F0E03100403918 /* Extra Delegation-Prefix.pch */,
			);
			name = "Supporting Files";
			sourceTree = "<group>";
		};
		91D9D8E317F0E03100403918 /* Extra DelegationTests */ = {
			isa = PBXGroup;
			children = (
				91D9D8E917F0E03100403918 /* Extra_DelegationTests.m */,
				91D9D8E417F0E03100403918 /* Supporting Files */,
			);
			path = "Extra DelegationTests";
			sourceTree = "<group>";
		};
		91D9D8E417F0E03100403918 /* Supporting Files */ = {
			isa = PBXGroup;
			children = (
				91D9D8E517F0E03100403918 /* Extra DelegationTests-Info.plist */,
				91D9D8E617F0E03100403918 /* InfoPlist.strings */,
			);
			name = "Supporting Files";
			sourceTree = "<group>";
		};
/* End PBXGroup section */

/* Begin PBXNativeTarget section */
		91D9D8BA17F0E03100403918 /* Extra Delegation */ = {
			isa = PBXNativeTarget;
			buildConfigurationList = 91D9D8ED17F0E03100403918 /* Build configuration list for PBXNativeTarget "Extra Delegation" */;
			buildPhases = (
				91D9D8B717F0E03100403918 /* Sources */,
				91D9D8B817F0E03100403918 /* Frameworks */,
				91D9D8B917F0E03100403918 /* Resources */,
			);
			buildRules = (
			);
			dependencies = (
			);
			name = "Extra Delegation";
			productName = "Extra Delegation";
			productReference = 91D9D8BB17F0E03100403918 /* Extra Delegation.app */;
			productType = "com.apple.product-type.application";
		};
		91D9D8DB17F0E03100403918 /* Extra DelegationTests */ = {
			isa = PBXNativeTarget;
			buildConfigurationList = 91D9D8F017F0E03100403918 /* Build configuration list for PBXNativeTarget "Extra DelegationTests" */;
			buildPhases = (
				91D9D8D817F0E03100403918 /* Sources */,
				91D9D8D917F0E03100403918 /* Frameworks */,
				91D9D8DA17F0E03100403918 /* Resources */,
			);
			buildRules = (
			);
			dependencies = (
				91D9D8E217F0E03100403918 /* PBXTargetDependency */,
			);
			name = "Extra DelegationTests";
			productName = "Extra DelegationTests";
			productReference = 91D9D8DC17F0E03100403918 /* Extra DelegationTests.xctest */;
			productType = "com.apple.product-type.bundle.unit-test";
		};
/* End PBXNativeTarget section */

/* Begin PBXProject section */
		91D9D8B317F0E03100403918 /* Project object */ = {
			isa = PBXProject;
			attributes = {
				CLASSPREFIX = DB;
				LastUpgradeCheck = 0500;
				ORGANIZATIONNAME = deebost;
				TargetAttributes = {
					91D9D8DB17F0E03100403918 = {
						TestTargetID = 91D9D8BA17F0E03100403918;
					};
				};
			};
			buildConfigurationList = 91D9D8B617F0E03100403918 /* Build configuration list for PBXProject "Extra Delegation" */;
			compatibilityVersion = "Xcode 3.2";
			developmentRegion = English;
			hasScannedForEncodings = 0;
			knownRegions = (
				en,
				Base,
			);
			mainGroup = 91D9D8B217F0E03100403918;
			productRefGroup = 91D9D8BC17F0E03100403918 /* Products */;
			projectDirPath = "";
			projectRoot = "";
			targets = (
				91D9D8BA17F0E03100403918 /* Extra Delegation */,
				91D9D8DB17F0E03100403918 /* Extra DelegationTests */,
			);
		};
/* End PBXProject section */

/* Begin PBXResourcesBuildPhase section */
		91D9D8B917F0E03100403918 /* Resources */ = {
			isa = PBXResourcesBuildPhase;
			buildActionMask = 2147483647;
			files = (
				91D9D8D717F0E03100403918 /* Images.xcassets in Resources */,
				91D9D8C917F0E03100403918 /* InfoPlist.strings in Resources */,
				91D9D8D217F0E03100403918 /* Main.storyboard in Resources */,
			);
			runOnlyForDeploymentPostprocessing = 0;
		};
		91D9D8DA17F0E03100403918 /* Resources */ = {
			isa = PBXResourcesBuildPhase;
			buildActionMask = 2147483647;
			files = (
				91D9D8E817F0E03100403918 /* InfoPlist.strings in Resources */,
			);
			runOnlyForDeploymentPostprocessing = 0;
		};
/* End PBXResourcesBuildPhase section */

/* Begin PBXSourcesBuildPhase section */
		91D9D8B717F0E03100403918 /* Sources */ = {
			isa = PBXSourcesBuildPhase;
			buildActionMask = 2147483647;
			files = (
				91D9D8CF17F0E03100403918 /* DBAppDelegate.m in Sources */,
				91D9D8D517F0E03100403918 /* DBViewController.m in Sources */,
				91D9D8F517F0E54E00403918 /* DBsecondView.m in Sources */,
				91D9D8CB17F0E03100403918 /* main.m in Sources */,
			);
			runOnlyForDeploymentPostprocessing = 0;
		};
		91D9D8D817F0E03100403918 /* Sources */ = {
			isa = PBXSourcesBuildPhase;
			buildActionMask = 2147483647;
			files = (
				91D9D8EA17F0E03100403918 /* Extra_DelegationTests.m in Sources */,
			);
			runOnlyForDeploymentPostprocessing = 0;
		};
/* End PBXSourcesBuildPhase section */

/* Begin PBXTargetDependency section */
		91D9D8E217F0E03100403918 /* PBXTargetDependency */ = {
			isa = PBXTargetDependency;
			target = 91D9D8BA17F0E03100403918 /* Extra Delegation */;
			targetProxy = 91D9D8E117F0E03100403918 /* PBXContainerItemProxy */;
		};
/* End PBXTargetDependency section */

/* Begin PBXVariantGroup section */
		91D9D8C717F0E03100403918 /* InfoPlist.strings */ = {
			isa = PBXVariantGroup;
			children = (
				91D9D8C817F0E03100403918 /* en */,
			);
			name = InfoPlist.strings;
			sourceTree = "<group>";
		};
		91D9D8D017F0E03100403918 /* Main.storyboard */ = {
			isa = PBXVariantGroup;
			children = (
				91D9D8D117F0E03100403918 /* Base */,
			);
			name = Main.storyboard;
			sourceTree = "<group>";
		};
		91D9D8E617F0E03100403918 /* InfoPlist.strings */ = {
			isa = PBXVariantGroup;
			children = (
				91D9D8E717F0E03100403918 /* en */,
			);
			name = InfoPlist.strings;
			sourceTree = "<group>";
		};
/* End PBXVariantGroup section */

/* Begin XCBuildConfiguration section */
		91D9D8EB17F0E03100403918 /* Debug */ = {
			isa = XCBuildConfiguration;
			buildSettings = {
				ALWAYS_SEARCH_USER_PATHS = NO;
				ARCHS = "$(ARCHS_STANDARD_INCLUDING_64_BIT)";
				CLANG_CXX_LANGUAGE_STANDARD = "gnu++0x";
				CLANG_CXX_LIBRARY = "libc++";
				CLANG_ENABLE_MODULES = YES;
				CLANG_ENABLE_OBJC_ARC = YES;
				CLANG_WARN_BOOL_CONVERSION = YES;
				CLANG_WARN_CONSTANT_CONVERSION = YES;
				CLANG_WARN_DIRECT_OBJC_ISA_USAGE = YES_ERROR;
				CLANG_WARN_EMPTY_BODY = YES;
				CLANG_WARN_ENUM_CONVERSION = YES;
				CLANG_WARN_INT_CONVERSION = YES;
				CLANG_WARN_OBJC_ROOT_CLASS = YES_ERROR;
				CLANG_WARN__DUPLICATE_METHOD_MATCH = YES;
				"CODE_SIGN_IDENTITY[sdk=iphoneos*]" = "iPhone Developer";
				COPY_PHASE_STRIP = NO;
				GCC_C_LANGUAGE_STANDARD = gnu99;
				GCC_DYNAMIC_NO_PIC = NO;
				GCC_OPTIMIZATION_LEVEL = 0;
				GCC_PREPROCESSOR_DEFINITIONS = (
					"DEBUG=1",
					"$(inherited)",
				);
				GCC_SYMBOLS_PRIVATE_EXTERN = NO;
				GCC_WARN_64_TO_32_BIT_CONVERSION = YES;
				GCC_WARN_ABOUT_RETURN_TYPE = YES_ERROR;
				GCC_WARN_UNDECLARED_SELECTOR = YES;
				GCC_WARN_UNINITIALIZED_AUTOS = YES;
				GCC_WARN_UNUSED_FUNCTION = YES;
				GCC_WARN_UNUSED_VARIABLE = YES;
				IPHONEOS_DEPLOYMENT_TARGET = 7.0;
				ONLY_ACTIVE_ARCH = YES;
				SDKROOT = iphoneos;
			};
			name = Debug;
		};
		91D9D8EC17F0E03100403918 /* Release */ = {
			isa = XCBuildConfiguration;
			buildSettings = {
				ALWAYS_SEARCH_USER_PATHS = NO;
				ARCHS = "$(ARCHS_STANDARD_INCLUDING_64_BIT)";
				CLANG_CXX_LANGUAGE_STANDARD = "gnu++0x";
				CLANG_CXX_LIBRARY = "libc++";
				CLANG_ENABLE_MODULES = YES;
				CLANG_ENABLE_OBJC_ARC = YES;
				CLANG_WARN_BOOL_CONVERSION = YES;
				CLANG_WARN_CONSTANT_CONVERSION = YES;
				CLANG_WARN_DIRECT_OBJC_ISA_USAGE = YES_ERROR;
				CLANG_WARN_EMPTY_BODY = YES;
				CLANG_WARN_ENUM_CONVERSION = YES;
				CLANG_WARN_INT_CONVERSION = YES;
				CLANG_WARN_OBJC_ROOT_CLASS = YES_ERROR;
				CLANG_WARN__DUPLICATE_METHOD_MATCH = YES;
				"CODE_SIGN_IDENTITY[sdk=iphoneos*]" = "iPhone Developer";
				COPY_PHASE_STRIP = YES;
				ENABLE_NS_ASSERTIONS = NO;
				GCC_C_LANGUAGE_STANDARD = gnu99;
				GCC_WARN_64_TO_32_BIT_CONVERSION = YES;
				GCC_WARN_ABOUT_RETURN_TYPE = YES_ERROR;
				GCC_WARN_UNDECLARED_SELECTOR = YES;
				GCC_WARN_UNINITIALIZED_AUTOS = YES;
				GCC_WARN_UNUSED_FUNCTION = YES;
				GCC_WARN_UNUSED_VARIABLE = YES;
				IPHONEOS_DEPLOYMENT_TARGET = 7.0;
				SDKROOT = iphoneos;
				VALIDATE_PRODUCT = YES;
			};
			name = Release;
		};
		91D9D8EE17F0E03100403918 /* Debug */ = {
			isa = XCBuildConfiguration;
			buildSettings = {
				ASSETCATALOG_COMPILER_APPICON_NAME = AppIcon;
				ASSETCATALOG_COMPILER_LAUNCHIMAGE_NAME = LaunchImage;
				GCC_PRECOMPILE_PREFIX_HEADER = YES;
				GCC_PREFIX_HEADER = "Extra Delegation/Extra Delegation-Prefix.pch";
				INFOPLIST_FILE = "Extra Delegation/Extra Delegation-Info.plist";
				PRODUCT_NAME = "$(TARGET_NAME)";
				WRAPPER_EXTENSION = app;
			};
			name = Debug;
		};
		91D9D8EF17F0E03100403918 /* Release */ = {
			isa = XCBuildConfiguration;
			buildSettings = {
				ASSETCATALOG_COMPILER_APPICON_NAME = AppIcon;
				ASSETCATALOG_COMPILER_LAUNCHIMAGE_NAME = LaunchImage;
				GCC_PRECOMPILE_PREFIX_HEADER = YES;
				GCC_PREFIX_HEADER = "Extra Delegation/Extra Delegation-Prefix.pch";
				INFOPLIST_FILE = "Extra Delegation/Extra Delegation-Info.plist";
				PRODUCT_NAME = "$(TARGET_NAME)";
				WRAPPER_EXTENSION = app;
			};
			name = Release;
		};
		91D9D8F117F0E03100403918 /* Debug */ = {
			isa = XCBuildConfiguration;
			buildSettings = {
				ARCHS = "$(ARCHS_STANDARD_INCLUDING_64_BIT)";
				BUNDLE_LOADER = "$(BUILT_PRODUCTS_DIR)/Extra Delegation.app/Extra Delegation";
				FRAMEWORK_SEARCH_PATHS = (
					"$(SDKROOT)/Developer/Library/Frameworks",
					"$(inherited)",
					"$(DEVELOPER_FRAMEWORKS_DIR)",
				);
				GCC_PRECOMPILE_PREFIX_HEADER = YES;
				GCC_PREFIX_HEADER = "Extra Delegation/Extra Delegation-Prefix.pch";
				GCC_PREPROCESSOR_DEFINITIONS = (
					"DEBUG=1",
					"$(inherited)",
				);
				INFOPLIST_FILE = "Extra DelegationTests/Extra DelegationTests-Info.plist";
				PRODUCT_NAME = "$(TARGET_NAME)";
				TEST_HOST = "$(BUNDLE_LOADER)";
				WRAPPER_EXTENSION = xctest;
			};
			name = Debug;
		};
		91D9D8F217F0E03100403918 /* Release */ = {
			isa = XCBuildConfiguration;
			buildSettings = {
				ARCHS = "$(ARCHS_STANDARD_INCLUDING_64_BIT)";
				BUNDLE_LOADER = "$(BUILT_PRODUCTS_DIR)/Extra Delegation.app/Extra Delegation";
				FRAMEWORK_SEARCH_PATHS = (
					"$(SDKROOT)/Developer/Library/Frameworks",
					"$(inherited)",
					"$(DEVELOPER_FRAMEWORKS_DIR)",
				);
				GCC_PRECOMPILE_PREFIX_HEADER = YES;
				GCC_PREFIX_HEADER = "Extra Delegation/Extra Delegation-Prefix.pch";
				INFOPLIST_FILE = "Extra DelegationTests/Extra DelegationTests-Info.plist";
				PRODUCT_NAME = "$(TARGET_NAME)";
				TEST_HOST = "$(BUNDLE_LOADER)";
				WRAPPER_EXTENSION = xctest;
			};
			name = Release;
		};
/* End XCBuildConfiguration section */

/* Begin XCConfigurationList section */
		91D9D8B617F0E03100403918 /* Build configuration list for PBXProject "Extra Delegation" */ = {
			isa = XCConfigurationList;
			buildConfigurations = (
				91D9D8EB17F0E03100403918 /* Debug */,
				91D9D8EC17F0E03100403918 /* Release */,
			);
			defaultConfigurationIsVisible = 0;
			defaultConfigurationName = Release;
		};
		91D9D8ED17F0E03100403918 /* Build configuration list for PBXNativeTarget "Extra Delegation" */ = {
			isa = XCConfigurationList;
			buildConfigurations = (
				91D9D8EE17F0E03100403918 /* Debug */,
				91D9D8EF17F0E03100403918 /* Release */,
			);
			defaultConfigurationIsVisible = 0;
		};
		91D9D8F017F0E03100403918 /* Build configuration list for PBXNativeTarget "Extra DelegationTests" */ = {
			isa = XCConfigurationList;
			buildConfigurations = (
				91D9D8F117F0E03100403918 /* Debug */,
				91D9D8F217F0E03100403918 /* Release */,
			);
			defaultConfigurationIsVisible = 0;
		};
/* End XCConfigurationList section */
	};
	rootObject = 91D9D8B317F0E03100403918 /* Project object */;
}
